// !$*UTF8*$!
{
	archiveVersion = 1;
	classes = {
	};
	objectVersion = 46;
	objects = {

/* Begin PBXBuildFile section */
		25D738D955411A703F52C406 /* libPods.a in Frameworks */ = {isa = PBXBuildFile; fileRef = 924EC56249BB21E39D5D93BB /* libPods.a */; };
		7324CFB919F83D4C004E2065 /* UISubThemeViewCell.m in Sources */ = {isa = PBXBuildFile; fileRef = 7324CFB719F83D4C004E2065 /* UISubThemeViewCell.m */; };
		7324CFBA19F83D4C004E2065 /* UISubThemeViewCell.xib in Resources */ = {isa = PBXBuildFile; fileRef = 7324CFB819F83D4C004E2065 /* UISubThemeViewCell.xib */; };
		737668171A111379002ECAB5 /* UserDataHolder.m in Sources */ = {isa = PBXBuildFile; fileRef = 737668161A111379002ECAB5 /* UserDataHolder.m */; };
		7388872C1A14DBE400AB74A6 /* PKCacheManager.m in Sources */ = {isa = PBXBuildFile; fileRef = 7388872B1A14DBE400AB74A6 /* PKCacheManager.m */; };
		7388872F1A14DFA200AB74A6 /* PKNotificationManager.m in Sources */ = {isa = PBXBuildFile; fileRef = 7388872E1A14DFA200AB74A6 /* PKNotificationManager.m */; };
		7392284D1A0D12CA005F02E9 /* ThemeInterest.m in Sources */ = {isa = PBXBuildFile; fileRef = 7392284C1A0D12CA005F02E9 /* ThemeInterest.m */; };
		739228501A0D1301005F02E9 /* SubThemeInterest.m in Sources */ = {isa = PBXBuildFile; fileRef = 7392284F1A0D1301005F02E9 /* SubThemeInterest.m */; };
		739228541A0D14B3005F02E9 /* MyInterest.json in Resources */ = {isa = PBXBuildFile; fileRef = 739228521A0D14B3005F02E9 /* MyInterest.json */; };
		739228551A0D14B3005F02E9 /* TemplateIcon2x.png in Resources */ = {isa = PBXBuildFile; fileRef = 739228531A0D14B3005F02E9 /* TemplateIcon2x.png */; };
		73B33A6B19F13D6000BFB546 /* PodFile in Resources */ = {isa = PBXBuildFile; fileRef = 73B33A6919F13D6000BFB546 /* PodFile */; };
		73B33A6C19F13D6000BFB546 /* TemplateIcon2x.png in Resources */ = {isa = PBXBuildFile; fileRef = 73B33A6A19F13D6000BFB546 /* TemplateIcon2x.png */; };
		73B33A7119F15CC600BFB546 /* UIThemeView.xib in Resources */ = {isa = PBXBuildFile; fileRef = 73B33A7019F15CC600BFB546 /* UIThemeView.xib */; };
		73B33A7419F15DB700BFB546 /* UIThemeView.m in Sources */ = {isa = PBXBuildFile; fileRef = 73B33A7319F15DB700BFB546 /* UIThemeView.m */; };
		73DC79C01A0C245F00093265 /* MyProfileViewController.m in Sources */ = {isa = PBXBuildFile; fileRef = 73DC79BF1A0C245F00093265 /* MyProfileViewController.m */; };
		73DC79C31A0C25B100093265 /* SynchroViewController.m in Sources */ = {isa = PBXBuildFile; fileRef = 73DC79C21A0C25B100093265 /* SynchroViewController.m */; };
		73DC79C51A0C28F700093265 /* glenn_test.jpg in Resources */ = {isa = PBXBuildFile; fileRef = 73DC79C41A0C28F700093265 /* glenn_test.jpg */; };
		73FB80471A0BD09900CCA3F1 /* MainViewController.m in Sources */ = {isa = PBXBuildFile; fileRef = 73FB80461A0BD09900CCA3F1 /* MainViewController.m */; };
		B30ED5EC19FA8EC300DB2621 /* MyFeedViewController.m in Sources */ = {isa = PBXBuildFile; fileRef = B30ED5EB19FA8EC300DB2621 /* MyFeedViewController.m */; };
		B3183C3C19F68B90004C401F /* (null) in Resources */ = {isa = PBXBuildFile; };
		B33CCBC81A0905CC007766E4 /* MapEmbeddedBlock.m in Sources */ = {isa = PBXBuildFile; fileRef = B33CCBC71A0905CC007766E4 /* MapEmbeddedBlock.m */; };
		B34E701F1A02DA5A00C4ECA2 /* UIImage+StackBlur.m in Sources */ = {isa = PBXBuildFile; fileRef = B34E701E1A02DA5A00C4ECA2 /* UIImage+StackBlur.m */; };
		B34E70231A02DEA200C4ECA2 /* UIImage+DSP.m in Sources */ = {isa = PBXBuildFile; fileRef = B34E70221A02DEA200C4ECA2 /* UIImage+DSP.m */; };
		B35841FD1A03DAC400A17468 /* SectionBlockCell.m in Sources */ = {isa = PBXBuildFile; fileRef = B35841FB1A03DAC400A17468 /* SectionBlockCell.m */; };
		B35841FE1A03DAC400A17468 /* SectionBlockCell.xib in Resources */ = {isa = PBXBuildFile; fileRef = B35841FC1A03DAC400A17468 /* SectionBlockCell.xib */; };
		B35842021A069C4700A17468 /* DefinitionEmbeddedBlock.m in Sources */ = {isa = PBXBuildFile; fileRef = B35842011A069C4700A17468 /* DefinitionEmbeddedBlock.m */; };
		B37334611A0791C000FDBF70 /* EditorsBlockCell.m in Sources */ = {isa = PBXBuildFile; fileRef = B37334601A0791C000FDBF70 /* EditorsBlockCell.m */; };
		B375C0C919F46B6B002D7AE7 /* GenericBlockCell.m in Sources */ = {isa = PBXBuildFile; fileRef = B375C0C819F46B6A002D7AE7 /* GenericBlockCell.m */; };
		B375C0CD19F47069002D7AE7 /* ContentParser.m in Sources */ = {isa = PBXBuildFile; fileRef = B375C0CC19F47069002D7AE7 /* ContentParser.m */; };
		B38554E619F11B2E00AB8459 /* ChooseThemesViewController.m in Sources */ = {isa = PBXBuildFile; fileRef = B38554E519F11B2E00AB8459 /* ChooseThemesViewController.m */; };
		B38F09BE19F13CB10013B920 /* ArticleViewController.m in Sources */ = {isa = PBXBuildFile; fileRef = B38F09BD19F13CB10013B920 /* ArticleViewController.m */; };
		B38F09C219F13EEE0013B920 /* Article.m in Sources */ = {isa = PBXBuildFile; fileRef = B38F09C119F13EEE0013B920 /* Article.m */; };
		B39BC80219F2847600277370 /* Block.m in Sources */ = {isa = PBXBuildFile; fileRef = B39BC7FB19F2847600277370 /* Block.m */; };
		B39BC80319F2847600277370 /* BlockType.m in Sources */ = {isa = PBXBuildFile; fileRef = B39BC7FD19F2847600277370 /* BlockType.m */; };
		B39BC80419F2847600277370 /* Comment.m in Sources */ = {isa = PBXBuildFile; fileRef = B39BC7FF19F2847600277370 /* Comment.m */; };
		B39BC80519F2847600277370 /* User.m in Sources */ = {isa = PBXBuildFile; fileRef = B39BC80119F2847600277370 /* User.m */; };
		B3A8B62A19FBF85B00D52EB6 /* ArticleLeftMenu.xib in Resources */ = {isa = PBXBuildFile; fileRef = B3A8B62719FBF85B00D52EB6 /* ArticleLeftMenu.xib */; };
		B3A8B62B19FBF85B00D52EB6 /* ArticleRightMenu.xib in Resources */ = {isa = PBXBuildFile; fileRef = B3A8B62819FBF85B00D52EB6 /* ArticleRightMenu.xib */; };
		B3A8B62C19FBF85B00D52EB6 /* GenericBlockCell.xib in Resources */ = {isa = PBXBuildFile; fileRef = B3A8B62919FBF85B00D52EB6 /* GenericBlockCell.xib */; };
		B3A8B63019FBF9CB00D52EB6 /* Accelerate.framework in Frameworks */ = {isa = PBXBuildFile; fileRef = B3A8B62F19FBF9CB00D52EB6 /* Accelerate.framework */; };
		B3A8B63219FBF9D200D52EB6 /* MapKit.framework in Frameworks */ = {isa = PBXBuildFile; fileRef = B3A8B63119FBF9D200D52EB6 /* MapKit.framework */; };
		B3B1D5B319EEC499001E8BBF /* main.m in Sources */ = {isa = PBXBuildFile; fileRef = B3B1D5B219EEC499001E8BBF /* main.m */; };
		B3B1D5B619EEC499001E8BBF /* AppDelegate.m in Sources */ = {isa = PBXBuildFile; fileRef = B3B1D5B519EEC499001E8BBF /* AppDelegate.m */; };
		B3B1D5BC19EEC499001E8BBF /* Main.storyboard in Resources */ = {isa = PBXBuildFile; fileRef = B3B1D5BA19EEC499001E8BBF /* Main.storyboard */; };
		B3B1D5BE19EEC499001E8BBF /* Images.xcassets in Resources */ = {isa = PBXBuildFile; fileRef = B3B1D5BD19EEC499001E8BBF /* Images.xcassets */; };
		B3B1D5C119EEC499001E8BBF /* LaunchScreen.xib in Resources */ = {isa = PBXBuildFile; fileRef = B3B1D5BF19EEC499001E8BBF /* LaunchScreen.xib */; };
		B3B1D5CD19EEC499001E8BBF /* PancakesTests.m in Sources */ = {isa = PBXBuildFile; fileRef = B3B1D5CC19EEC499001E8BBF /* PancakesTests.m */; };
		B3B937611A0A41B400584843 /* MainMenuViewController.m in Sources */ = {isa = PBXBuildFile; fileRef = B3B937601A0A41B400584843 /* MainMenuViewController.m */; };
		B3CB88CF1A13A03A006DFF03 /* Utils.m in Sources */ = {isa = PBXBuildFile; fileRef = B3CB88CE1A13A03A006DFF03 /* Utils.m */; };
		B3D1631F1A1391B100BCBE98 /* ArticleParagraphLayoutManager.m in Sources */ = {isa = PBXBuildFile; fileRef = B3D1631E1A1391B100BCBE98 /* ArticleParagraphLayoutManager.m */; };
		B3E539771A10FEC0006FF158 /* ArticleMenuViewController.m in Sources */ = {isa = PBXBuildFile; fileRef = B3E539761A10FEC0006FF158 /* ArticleMenuViewController.m */; };
		B3E5397B1A110C27006FF158 /* ArticleMenuInterestsViewController.m in Sources */ = {isa = PBXBuildFile; fileRef = B3E5397A1A110C27006FF158 /* ArticleMenuInterestsViewController.m */; };
		B3E5397E1A110E5B006FF158 /* ArticleMenuShareViewController.m in Sources */ = {isa = PBXBuildFile; fileRef = B3E5397D1A110E5B006FF158 /* ArticleMenuShareViewController.m */; };
		B3E539811A110F84006FF158 /* ArticleMenuRelatedViewController.m in Sources */ = {isa = PBXBuildFile; fileRef = B3E539801A110F84006FF158 /* ArticleMenuRelatedViewController.m */; };
		B3EF695F1A03D35D00150BF7 /* BreeBold.otf in Resources */ = {isa = PBXBuildFile; fileRef = B3EF695A1A03D35D00150BF7 /* BreeBold.otf */; };
		B3EF69601A03D35D00150BF7 /* BreeRegular.otf in Resources */ = {isa = PBXBuildFile; fileRef = B3EF695B1A03D35D00150BF7 /* BreeRegular.otf */; };
		B3EF69611A03D35D00150BF7 /* Heuristica-Italic.otf in Resources */ = {isa = PBXBuildFile; fileRef = B3EF695D1A03D35D00150BF7 /* Heuristica-Italic.otf */; };
		B3EF69621A03D35D00150BF7 /* Heuristica-Regular.otf in Resources */ = {isa = PBXBuildFile; fileRef = B3EF695E1A03D35D00150BF7 /* Heuristica-Regular.otf */; };
		B3F82C351A0387CE0038D763 /* CoreMedia.framework in Frameworks */ = {isa = PBXBuildFile; fileRef = B3F82C341A0387CE0038D763 /* CoreMedia.framework */; };
		B3F82C371A0387D30038D763 /* CoreVideo.framework in Frameworks */ = {isa = PBXBuildFile; fileRef = B3F82C361A0387D30038D763 /* CoreVideo.framework */; };
		B3F82C391A0387D70038D763 /* OpenGLES.framework in Frameworks */ = {isa = PBXBuildFile; fileRef = B3F82C381A0387D70038D763 /* OpenGLES.framework */; };
		B3F82C3B1A0387DF0038D763 /* AVFoundation.framework in Frameworks */ = {isa = PBXBuildFile; fileRef = B3F82C3A1A0387DF0038D763 /* AVFoundation.framework */; };
		B3F82C3D1A0387E40038D763 /* QuartzCore.framework in Frameworks */ = {isa = PBXBuildFile; fileRef = B3F82C3C1A0387E40038D763 /* QuartzCore.framework */; };
		D801CAA315D503C752005C10 /* libPods-Pancakes.a in Frameworks */ = {isa = PBXBuildFile; fileRef = 9407447283D9666076675468 /* libPods-Pancakes.a */; };
/* End PBXBuildFile section */

/* Begin PBXContainerItemProxy section */
		B3B1D5C719EEC499001E8BBF /* PBXContainerItemProxy */ = {
			isa = PBXContainerItemProxy;
			containerPortal = B3B1D5A519EEC498001E8BBF /* Project object */;
			proxyType = 1;
			remoteGlobalIDString = B3B1D5AC19EEC498001E8BBF;
			remoteInfo = Pancakes;
		};
/* End PBXContainerItemProxy section */

/* Begin PBXFileReference section */
		350E046FF2281BACA6E6CE33 /* Pods-Pancakes.debug.xcconfig */ = {isa = PBXFileReference; includeInIndex = 1; lastKnownFileType = text.xcconfig; name = "Pods-Pancakes.debug.xcconfig"; path = "Pods/Target Support Files/Pods-Pancakes/Pods-Pancakes.debug.xcconfig"; sourceTree = "<group>"; };
		7324CFB619F83D4C004E2065 /* UISubThemeViewCell.h */ = {isa = PBXFileReference; fileEncoding = 4; lastKnownFileType = sourcecode.c.h; path = UISubThemeViewCell.h; sourceTree = "<group>"; };
		7324CFB719F83D4C004E2065 /* UISubThemeViewCell.m */ = {isa = PBXFileReference; fileEncoding = 4; lastKnownFileType = sourcecode.c.objc; path = UISubThemeViewCell.m; sourceTree = "<group>"; };
		7324CFB819F83D4C004E2065 /* UISubThemeViewCell.xib */ = {isa = PBXFileReference; fileEncoding = 4; lastKnownFileType = file.xib; path = UISubThemeViewCell.xib; sourceTree = "<group>"; };
		737668151A111379002ECAB5 /* UserDataHolder.h */ = {isa = PBXFileReference; fileEncoding = 4; lastKnownFileType = sourcecode.c.h; path = UserDataHolder.h; sourceTree = "<group>"; };
		737668161A111379002ECAB5 /* UserDataHolder.m */ = {isa = PBXFileReference; fileEncoding = 4; lastKnownFileType = sourcecode.c.objc; path = UserDataHolder.m; sourceTree = "<group>"; };
		7388872A1A14DBE400AB74A6 /* PKCacheManager.h */ = {isa = PBXFileReference; fileEncoding = 4; lastKnownFileType = sourcecode.c.h; path = PKCacheManager.h; sourceTree = "<group>"; };
		7388872B1A14DBE400AB74A6 /* PKCacheManager.m */ = {isa = PBXFileReference; fileEncoding = 4; lastKnownFileType = sourcecode.c.objc; path = PKCacheManager.m; sourceTree = "<group>"; };
		7388872D1A14DFA200AB74A6 /* PKNotificationManager.h */ = {isa = PBXFileReference; fileEncoding = 4; lastKnownFileType = sourcecode.c.h; path = PKNotificationManager.h; sourceTree = "<group>"; };
		7388872E1A14DFA200AB74A6 /* PKNotificationManager.m */ = {isa = PBXFileReference; fileEncoding = 4; lastKnownFileType = sourcecode.c.objc; path = PKNotificationManager.m; sourceTree = "<group>"; };
		7392284B1A0D12CA005F02E9 /* ThemeInterest.h */ = {isa = PBXFileReference; fileEncoding = 4; lastKnownFileType = sourcecode.c.h; path = ThemeInterest.h; sourceTree = "<group>"; };
		7392284C1A0D12CA005F02E9 /* ThemeInterest.m */ = {isa = PBXFileReference; fileEncoding = 4; lastKnownFileType = sourcecode.c.objc; path = ThemeInterest.m; sourceTree = "<group>"; };
		7392284E1A0D1301005F02E9 /* SubThemeInterest.h */ = {isa = PBXFileReference; fileEncoding = 4; lastKnownFileType = sourcecode.c.h; path = SubThemeInterest.h; sourceTree = "<group>"; };
		7392284F1A0D1301005F02E9 /* SubThemeInterest.m */ = {isa = PBXFileReference; fileEncoding = 4; lastKnownFileType = sourcecode.c.objc; path = SubThemeInterest.m; sourceTree = "<group>"; };
		739228521A0D14B3005F02E9 /* MyInterest.json */ = {isa = PBXFileReference; fileEncoding = 4; lastKnownFileType = text.json; path = MyInterest.json; sourceTree = "<group>"; };
		739228531A0D14B3005F02E9 /* TemplateIcon2x.png */ = {isa = PBXFileReference; lastKnownFileType = image.png; path = TemplateIcon2x.png; sourceTree = "<group>"; };
		73B33A6919F13D6000BFB546 /* PodFile */ = {isa = PBXFileReference; fileEncoding = 4; lastKnownFileType = text; path = PodFile; sourceTree = "<group>"; xcLanguageSpecificationIdentifier = xcode.lang.ruby; };
		73B33A6A19F13D6000BFB546 /* TemplateIcon2x.png */ = {isa = PBXFileReference; lastKnownFileType = image.png; path = TemplateIcon2x.png; sourceTree = "<group>"; };
		73B33A7019F15CC600BFB546 /* UIThemeView.xib */ = {isa = PBXFileReference; fileEncoding = 4; lastKnownFileType = file.xib; path = UIThemeView.xib; sourceTree = "<group>"; };
		73B33A7219F15DB700BFB546 /* UIThemeView.h */ = {isa = PBXFileReference; fileEncoding = 4; lastKnownFileType = sourcecode.c.h; path = UIThemeView.h; sourceTree = "<group>"; };
		73B33A7319F15DB700BFB546 /* UIThemeView.m */ = {isa = PBXFileReference; fileEncoding = 4; lastKnownFileType = sourcecode.c.objc; path = UIThemeView.m; sourceTree = "<group>"; };
		73DC79BE1A0C245F00093265 /* MyProfileViewController.h */ = {isa = PBXFileReference; fileEncoding = 4; lastKnownFileType = sourcecode.c.h; path = MyProfileViewController.h; sourceTree = "<group>"; };
		73DC79BF1A0C245F00093265 /* MyProfileViewController.m */ = {isa = PBXFileReference; fileEncoding = 4; lastKnownFileType = sourcecode.c.objc; path = MyProfileViewController.m; sourceTree = "<group>"; };
		73DC79C11A0C25B100093265 /* SynchroViewController.h */ = {isa = PBXFileReference; fileEncoding = 4; lastKnownFileType = sourcecode.c.h; path = SynchroViewController.h; sourceTree = "<group>"; };
		73DC79C21A0C25B100093265 /* SynchroViewController.m */ = {isa = PBXFileReference; fileEncoding = 4; lastKnownFileType = sourcecode.c.objc; path = SynchroViewController.m; sourceTree = "<group>"; };
		73DC79C41A0C28F700093265 /* glenn_test.jpg */ = {isa = PBXFileReference; lastKnownFileType = image.jpeg; path = glenn_test.jpg; sourceTree = "<group>"; };
		73FB80451A0BD09900CCA3F1 /* MainViewController.h */ = {isa = PBXFileReference; fileEncoding = 4; lastKnownFileType = sourcecode.c.h; path = MainViewController.h; sourceTree = "<group>"; };
		73FB80461A0BD09900CCA3F1 /* MainViewController.m */ = {isa = PBXFileReference; fileEncoding = 4; lastKnownFileType = sourcecode.c.objc; path = MainViewController.m; sourceTree = "<group>"; };
		924EC56249BB21E39D5D93BB /* libPods.a */ = {isa = PBXFileReference; explicitFileType = archive.ar; includeInIndex = 0; path = libPods.a; sourceTree = BUILT_PRODUCTS_DIR; };
		9407447283D9666076675468 /* libPods-Pancakes.a */ = {isa = PBXFileReference; explicitFileType = archive.ar; includeInIndex = 0; path = "libPods-Pancakes.a"; sourceTree = BUILT_PRODUCTS_DIR; };
		B30ED5EA19FA8EC300DB2621 /* MyFeedViewController.h */ = {isa = PBXFileReference; fileEncoding = 4; lastKnownFileType = sourcecode.c.h; path = MyFeedViewController.h; sourceTree = "<group>"; };
		B30ED5EB19FA8EC300DB2621 /* MyFeedViewController.m */ = {isa = PBXFileReference; fileEncoding = 4; lastKnownFileType = sourcecode.c.objc; path = MyFeedViewController.m; sourceTree = "<group>"; };
		B32A535E19FAE6ED00432378 /* Configuration.h */ = {isa = PBXFileReference; lastKnownFileType = sourcecode.c.h; name = Configuration.h; path = ../Configuration.h; sourceTree = "<group>"; };
		B33CCBC61A0905CC007766E4 /* MapEmbeddedBlock.h */ = {isa = PBXFileReference; fileEncoding = 4; lastKnownFileType = sourcecode.c.h; path = MapEmbeddedBlock.h; sourceTree = "<group>"; };
		B33CCBC71A0905CC007766E4 /* MapEmbeddedBlock.m */ = {isa = PBXFileReference; fileEncoding = 4; lastKnownFileType = sourcecode.c.objc; path = MapEmbeddedBlock.m; sourceTree = "<group>"; };
		B34E701D1A02DA5A00C4ECA2 /* UIImage+StackBlur.h */ = {isa = PBXFileReference; fileEncoding = 4; lastKnownFileType = sourcecode.c.h; path = "UIImage+StackBlur.h"; sourceTree = "<group>"; };
		B34E701E1A02DA5A00C4ECA2 /* UIImage+StackBlur.m */ = {isa = PBXFileReference; fileEncoding = 4; lastKnownFileType = sourcecode.c.objc; path = "UIImage+StackBlur.m"; sourceTree = "<group>"; };
		B34E70211A02DEA200C4ECA2 /* UIImage+DSP.h */ = {isa = PBXFileReference; fileEncoding = 4; lastKnownFileType = sourcecode.c.h; path = "UIImage+DSP.h"; sourceTree = "<group>"; };
		B34E70221A02DEA200C4ECA2 /* UIImage+DSP.m */ = {isa = PBXFileReference; fileEncoding = 4; lastKnownFileType = sourcecode.c.objc; path = "UIImage+DSP.m"; sourceTree = "<group>"; };
		B35841FA1A03DAC400A17468 /* SectionBlockCell.h */ = {isa = PBXFileReference; fileEncoding = 4; lastKnownFileType = sourcecode.c.h; path = SectionBlockCell.h; sourceTree = "<group>"; };
		B35841FB1A03DAC400A17468 /* SectionBlockCell.m */ = {isa = PBXFileReference; fileEncoding = 4; lastKnownFileType = sourcecode.c.objc; path = SectionBlockCell.m; sourceTree = "<group>"; };
		B35841FC1A03DAC400A17468 /* SectionBlockCell.xib */ = {isa = PBXFileReference; fileEncoding = 4; lastKnownFileType = file.xib; path = SectionBlockCell.xib; sourceTree = "<group>"; };
		B35842001A069C4700A17468 /* DefinitionEmbeddedBlock.h */ = {isa = PBXFileReference; fileEncoding = 4; lastKnownFileType = sourcecode.c.h; path = DefinitionEmbeddedBlock.h; sourceTree = "<group>"; };
		B35842011A069C4700A17468 /* DefinitionEmbeddedBlock.m */ = {isa = PBXFileReference; fileEncoding = 4; lastKnownFileType = sourcecode.c.objc; path = DefinitionEmbeddedBlock.m; sourceTree = "<group>"; };
		B373345F1A0791C000FDBF70 /* EditorsBlockCell.h */ = {isa = PBXFileReference; fileEncoding = 4; lastKnownFileType = sourcecode.c.h; path = EditorsBlockCell.h; sourceTree = "<group>"; };
		B37334601A0791C000FDBF70 /* EditorsBlockCell.m */ = {isa = PBXFileReference; fileEncoding = 4; lastKnownFileType = sourcecode.c.objc; path = EditorsBlockCell.m; sourceTree = "<group>"; };
		B375C0C719F46B6A002D7AE7 /* GenericBlockCell.h */ = {isa = PBXFileReference; fileEncoding = 4; lastKnownFileType = sourcecode.c.h; path = GenericBlockCell.h; sourceTree = "<group>"; };
		B375C0C819F46B6A002D7AE7 /* GenericBlockCell.m */ = {isa = PBXFileReference; fileEncoding = 4; lastKnownFileType = sourcecode.c.objc; path = GenericBlockCell.m; sourceTree = "<group>"; };
		B375C0CB19F47069002D7AE7 /* ContentParser.h */ = {isa = PBXFileReference; fileEncoding = 4; lastKnownFileType = sourcecode.c.h; path = ContentParser.h; sourceTree = "<group>"; };
		B375C0CC19F47069002D7AE7 /* ContentParser.m */ = {isa = PBXFileReference; fileEncoding = 4; lastKnownFileType = sourcecode.c.objc; path = ContentParser.m; sourceTree = "<group>"; };
		B38554E419F11B2E00AB8459 /* ChooseThemesViewController.h */ = {isa = PBXFileReference; fileEncoding = 4; lastKnownFileType = sourcecode.c.h; path = ChooseThemesViewController.h; sourceTree = "<group>"; };
		B38554E519F11B2E00AB8459 /* ChooseThemesViewController.m */ = {isa = PBXFileReference; fileEncoding = 4; lastKnownFileType = sourcecode.c.objc; path = ChooseThemesViewController.m; sourceTree = "<group>"; };
		B38F09BC19F13CB10013B920 /* ArticleViewController.h */ = {isa = PBXFileReference; fileEncoding = 4; lastKnownFileType = sourcecode.c.h; path = ArticleViewController.h; sourceTree = "<group>"; };
		B38F09BD19F13CB10013B920 /* ArticleViewController.m */ = {isa = PBXFileReference; fileEncoding = 4; lastKnownFileType = sourcecode.c.objc; path = ArticleViewController.m; sourceTree = "<group>"; };
		B38F09C019F13EEE0013B920 /* Article.h */ = {isa = PBXFileReference; fileEncoding = 4; lastKnownFileType = sourcecode.c.h; path = Article.h; sourceTree = "<group>"; };
		B38F09C119F13EEE0013B920 /* Article.m */ = {isa = PBXFileReference; fileEncoding = 4; lastKnownFileType = sourcecode.c.objc; path = Article.m; sourceTree = "<group>"; };
		B39BC7FA19F2847600277370 /* Block.h */ = {isa = PBXFileReference; fileEncoding = 4; lastKnownFileType = sourcecode.c.h; path = Block.h; sourceTree = "<group>"; };
		B39BC7FB19F2847600277370 /* Block.m */ = {isa = PBXFileReference; fileEncoding = 4; lastKnownFileType = sourcecode.c.objc; path = Block.m; sourceTree = "<group>"; };
		B39BC7FC19F2847600277370 /* BlockType.h */ = {isa = PBXFileReference; fileEncoding = 4; lastKnownFileType = sourcecode.c.h; path = BlockType.h; sourceTree = "<group>"; };
		B39BC7FD19F2847600277370 /* BlockType.m */ = {isa = PBXFileReference; fileEncoding = 4; lastKnownFileType = sourcecode.c.objc; path = BlockType.m; sourceTree = "<group>"; };
		B39BC7FE19F2847600277370 /* Comment.h */ = {isa = PBXFileReference; fileEncoding = 4; lastKnownFileType = sourcecode.c.h; path = Comment.h; sourceTree = "<group>"; };
		B39BC7FF19F2847600277370 /* Comment.m */ = {isa = PBXFileReference; fileEncoding = 4; lastKnownFileType = sourcecode.c.objc; path = Comment.m; sourceTree = "<group>"; };
		B39BC80019F2847600277370 /* User.h */ = {isa = PBXFileReference; fileEncoding = 4; lastKnownFileType = sourcecode.c.h; path = User.h; sourceTree = "<group>"; };
		B39BC80119F2847600277370 /* User.m */ = {isa = PBXFileReference; fileEncoding = 4; lastKnownFileType = sourcecode.c.objc; path = User.m; sourceTree = "<group>"; };
		B3A8B62719FBF85B00D52EB6 /* ArticleLeftMenu.xib */ = {isa = PBXFileReference; fileEncoding = 4; lastKnownFileType = file.xib; path = ArticleLeftMenu.xib; sourceTree = "<group>"; };
		B3A8B62819FBF85B00D52EB6 /* ArticleRightMenu.xib */ = {isa = PBXFileReference; fileEncoding = 4; lastKnownFileType = file.xib; path = ArticleRightMenu.xib; sourceTree = "<group>"; };
		B3A8B62919FBF85B00D52EB6 /* GenericBlockCell.xib */ = {isa = PBXFileReference; fileEncoding = 4; lastKnownFileType = file.xib; path = GenericBlockCell.xib; sourceTree = "<group>"; };
		B3A8B62F19FBF9CB00D52EB6 /* Accelerate.framework */ = {isa = PBXFileReference; lastKnownFileType = wrapper.framework; name = Accelerate.framework; path = System/Library/Frameworks/Accelerate.framework; sourceTree = SDKROOT; };
		B3A8B63119FBF9D200D52EB6 /* MapKit.framework */ = {isa = PBXFileReference; lastKnownFileType = wrapper.framework; name = MapKit.framework; path = System/Library/Frameworks/MapKit.framework; sourceTree = SDKROOT; };
		B3B1D5AD19EEC499001E8BBF /* Pancakes.app */ = {isa = PBXFileReference; explicitFileType = wrapper.application; includeInIndex = 0; path = Pancakes.app; sourceTree = BUILT_PRODUCTS_DIR; };
		B3B1D5B119EEC499001E8BBF /* Info.plist */ = {isa = PBXFileReference; lastKnownFileType = text.plist.xml; path = Info.plist; sourceTree = "<group>"; };
		B3B1D5B219EEC499001E8BBF /* main.m */ = {isa = PBXFileReference; lastKnownFileType = sourcecode.c.objc; path = main.m; sourceTree = "<group>"; };
		B3B1D5B419EEC499001E8BBF /* AppDelegate.h */ = {isa = PBXFileReference; lastKnownFileType = sourcecode.c.h; path = AppDelegate.h; sourceTree = "<group>"; };
		B3B1D5B519EEC499001E8BBF /* AppDelegate.m */ = {isa = PBXFileReference; lastKnownFileType = sourcecode.c.objc; path = AppDelegate.m; sourceTree = "<group>"; };
		B3B1D5BB19EEC499001E8BBF /* Base */ = {isa = PBXFileReference; lastKnownFileType = file.storyboard; name = Base; path = Base.lproj/Main.storyboard; sourceTree = "<group>"; };
		B3B1D5BD19EEC499001E8BBF /* Images.xcassets */ = {isa = PBXFileReference; lastKnownFileType = folder.assetcatalog; path = Images.xcassets; sourceTree = "<group>"; };
		B3B1D5C019EEC499001E8BBF /* Base */ = {isa = PBXFileReference; lastKnownFileType = file.xib; name = Base; path = Base.lproj/LaunchScreen.xib; sourceTree = "<group>"; };
		B3B1D5C619EEC499001E8BBF /* PancakesTests.xctest */ = {isa = PBXFileReference; explicitFileType = wrapper.cfbundle; includeInIndex = 0; path = PancakesTests.xctest; sourceTree = BUILT_PRODUCTS_DIR; };
		B3B1D5CB19EEC499001E8BBF /* Info.plist */ = {isa = PBXFileReference; lastKnownFileType = text.plist.xml; path = Info.plist; sourceTree = "<group>"; };
		B3B1D5CC19EEC499001E8BBF /* PancakesTests.m */ = {isa = PBXFileReference; lastKnownFileType = sourcecode.c.objc; path = PancakesTests.m; sourceTree = "<group>"; };
		B3B9375F1A0A41B400584843 /* MainMenuViewController.h */ = {isa = PBXFileReference; fileEncoding = 4; lastKnownFileType = sourcecode.c.h; path = MainMenuViewController.h; sourceTree = "<group>"; };
		B3B937601A0A41B400584843 /* MainMenuViewController.m */ = {isa = PBXFileReference; fileEncoding = 4; lastKnownFileType = sourcecode.c.objc; path = MainMenuViewController.m; sourceTree = "<group>"; };
		B3CB88CD1A13A03A006DFF03 /* Utils.h */ = {isa = PBXFileReference; fileEncoding = 4; lastKnownFileType = sourcecode.c.h; path = Utils.h; sourceTree = "<group>"; };
		B3CB88CE1A13A03A006DFF03 /* Utils.m */ = {isa = PBXFileReference; fileEncoding = 4; lastKnownFileType = sourcecode.c.objc; path = Utils.m; sourceTree = "<group>"; };
		B3D1631D1A1391B100BCBE98 /* ArticleParagraphLayoutManager.h */ = {isa = PBXFileReference; fileEncoding = 4; lastKnownFileType = sourcecode.c.h; path = ArticleParagraphLayoutManager.h; sourceTree = "<group>"; };
		B3D1631E1A1391B100BCBE98 /* ArticleParagraphLayoutManager.m */ = {isa = PBXFileReference; fileEncoding = 4; lastKnownFileType = sourcecode.c.objc; path = ArticleParagraphLayoutManager.m; sourceTree = "<group>"; };
		B3E539751A10FEC0006FF158 /* ArticleMenuViewController.h */ = {isa = PBXFileReference; fileEncoding = 4; lastKnownFileType = sourcecode.c.h; path = ArticleMenuViewController.h; sourceTree = "<group>"; };
		B3E539761A10FEC0006FF158 /* ArticleMenuViewController.m */ = {isa = PBXFileReference; fileEncoding = 4; lastKnownFileType = sourcecode.c.objc; path = ArticleMenuViewController.m; sourceTree = "<group>"; };
		B3E539791A110C27006FF158 /* ArticleMenuInterestsViewController.h */ = {isa = PBXFileReference; fileEncoding = 4; lastKnownFileType = sourcecode.c.h; path = ArticleMenuInterestsViewController.h; sourceTree = "<group>"; };
		B3E5397A1A110C27006FF158 /* ArticleMenuInterestsViewController.m */ = {isa = PBXFileReference; fileEncoding = 4; lastKnownFileType = sourcecode.c.objc; path = ArticleMenuInterestsViewController.m; sourceTree = "<group>"; };
		B3E5397C1A110E5B006FF158 /* ArticleMenuShareViewController.h */ = {isa = PBXFileReference; fileEncoding = 4; lastKnownFileType = sourcecode.c.h; path = ArticleMenuShareViewController.h; sourceTree = "<group>"; };
		B3E5397D1A110E5B006FF158 /* ArticleMenuShareViewController.m */ = {isa = PBXFileReference; fileEncoding = 4; lastKnownFileType = sourcecode.c.objc; path = ArticleMenuShareViewController.m; sourceTree = "<group>"; };
		B3E5397F1A110F84006FF158 /* ArticleMenuRelatedViewController.h */ = {isa = PBXFileReference; fileEncoding = 4; lastKnownFileType = sourcecode.c.h; path = ArticleMenuRelatedViewController.h; sourceTree = "<group>"; };
		B3E539801A110F84006FF158 /* ArticleMenuRelatedViewController.m */ = {isa = PBXFileReference; fileEncoding = 4; lastKnownFileType = sourcecode.c.objc; path = ArticleMenuRelatedViewController.m; sourceTree = "<group>"; };
		B3EF695A1A03D35D00150BF7 /* BreeBold.otf */ = {isa = PBXFileReference; lastKnownFileType = file; path = BreeBold.otf; sourceTree = "<group>"; };
		B3EF695B1A03D35D00150BF7 /* BreeRegular.otf */ = {isa = PBXFileReference; lastKnownFileType = file; path = BreeRegular.otf; sourceTree = "<group>"; };
		B3EF695D1A03D35D00150BF7 /* Heuristica-Italic.otf */ = {isa = PBXFileReference; lastKnownFileType = file; path = "Heuristica-Italic.otf"; sourceTree = "<group>"; };
		B3EF695E1A03D35D00150BF7 /* Heuristica-Regular.otf */ = {isa = PBXFileReference; lastKnownFileType = file; path = "Heuristica-Regular.otf"; sourceTree = "<group>"; };
		B3F82C341A0387CE0038D763 /* CoreMedia.framework */ = {isa = PBXFileReference; lastKnownFileType = wrapper.framework; name = CoreMedia.framework; path = System/Library/Frameworks/CoreMedia.framework; sourceTree = SDKROOT; };
		B3F82C361A0387D30038D763 /* CoreVideo.framework */ = {isa = PBXFileReference; lastKnownFileType = wrapper.framework; name = CoreVideo.framework; path = System/Library/Frameworks/CoreVideo.framework; sourceTree = SDKROOT; };
		B3F82C381A0387D70038D763 /* OpenGLES.framework */ = {isa = PBXFileReference; lastKnownFileType = wrapper.framework; name = OpenGLES.framework; path = System/Library/Frameworks/OpenGLES.framework; sourceTree = SDKROOT; };
		B3F82C3A1A0387DF0038D763 /* AVFoundation.framework */ = {isa = PBXFileReference; lastKnownFileType = wrapper.framework; name = AVFoundation.framework; path = System/Library/Frameworks/AVFoundation.framework; sourceTree = SDKROOT; };
		B3F82C3C1A0387E40038D763 /* QuartzCore.framework */ = {isa = PBXFileReference; lastKnownFileType = wrapper.framework; name = QuartzCore.framework; path = System/Library/Frameworks/QuartzCore.framework; sourceTree = SDKROOT; };
		B3FB2D3819F9A56000DF09D8 /* Macros.h */ = {isa = PBXFileReference; lastKnownFileType = sourcecode.c.h; path = Macros.h; sourceTree = "<group>"; };
		B5AD2A8D2E1335559E7681B7 /* Pods-Pancakes.release.xcconfig */ = {isa = PBXFileReference; includeInIndex = 1; lastKnownFileType = text.xcconfig; name = "Pods-Pancakes.release.xcconfig"; path = "Pods/Target Support Files/Pods-Pancakes/Pods-Pancakes.release.xcconfig"; sourceTree = "<group>"; };
/* End PBXFileReference section */

/* Begin PBXFrameworksBuildPhase section */
		B3B1D5AA19EEC498001E8BBF /* Frameworks */ = {
			isa = PBXFrameworksBuildPhase;
			buildActionMask = 2147483647;
			files = (
				B3F82C3D1A0387E40038D763 /* QuartzCore.framework in Frameworks */,
				B3F82C3B1A0387DF0038D763 /* AVFoundation.framework in Frameworks */,
				B3F82C391A0387D70038D763 /* OpenGLES.framework in Frameworks */,
				B3F82C371A0387D30038D763 /* CoreVideo.framework in Frameworks */,
				B3F82C351A0387CE0038D763 /* CoreMedia.framework in Frameworks */,
				B3A8B63219FBF9D200D52EB6 /* MapKit.framework in Frameworks */,
				B3A8B63019FBF9CB00D52EB6 /* Accelerate.framework in Frameworks */,
				D801CAA315D503C752005C10 /* libPods-Pancakes.a in Frameworks */,
				25D738D955411A703F52C406 /* libPods.a in Frameworks */,
			);
			runOnlyForDeploymentPostprocessing = 0;
		};
		B3B1D5C319EEC499001E8BBF /* Frameworks */ = {
			isa = PBXFrameworksBuildPhase;
			buildActionMask = 2147483647;
			files = (
			);
			runOnlyForDeploymentPostprocessing = 0;
		};
/* End PBXFrameworksBuildPhase section */

/* Begin PBXGroup section */
		39615222AF1BB60813B8A01E /* Frameworks */ = {
			isa = PBXGroup;
			children = (
				B3F82C3C1A0387E40038D763 /* QuartzCore.framework */,
				B3F82C3A1A0387DF0038D763 /* AVFoundation.framework */,
				B3F82C381A0387D70038D763 /* OpenGLES.framework */,
				B3F82C361A0387D30038D763 /* CoreVideo.framework */,
				B3F82C341A0387CE0038D763 /* CoreMedia.framework */,
				B34E70201A02DEA200C4ECA2 /* UIImage+DSP */,
				B34E701C1A02DA5A00C4ECA2 /* StackBlur */,
				B3A8B63119FBF9D200D52EB6 /* MapKit.framework */,
				B3A8B62F19FBF9CB00D52EB6 /* Accelerate.framework */,
				9407447283D9666076675468 /* libPods-Pancakes.a */,
				924EC56249BB21E39D5D93BB /* libPods.a */,
			);
			name = Frameworks;
			sourceTree = "<group>";
		};
		738887291A14DB8E00AB74A6 /* Interests */ = {
			isa = PBXGroup;
			children = (
				73B33A7019F15CC600BFB546 /* UIThemeView.xib */,
				73B33A7219F15DB700BFB546 /* UIThemeView.h */,
				73B33A7319F15DB700BFB546 /* UIThemeView.m */,
				7324CFB619F83D4C004E2065 /* UISubThemeViewCell.h */,
				7324CFB719F83D4C004E2065 /* UISubThemeViewCell.m */,
				7324CFB819F83D4C004E2065 /* UISubThemeViewCell.xib */,
			);
			name = Interests;
			sourceTree = "<group>";
		};
		739228511A0D1498005F02E9 /* Dummies */ = {
			isa = PBXGroup;
			children = (
				739228521A0D14B3005F02E9 /* MyInterest.json */,
			);
			name = Dummies;
			sourceTree = "<group>";
		};
		73B33A6D19F15AD600BFB546 /* Views */ = {
			isa = PBXGroup;
			children = (
				738887291A14DB8E00AB74A6 /* Interests */,
				B3D1631C1A13919500BCBE98 /* Layout */,
				B3A8B62719FBF85B00D52EB6 /* ArticleLeftMenu.xib */,
				B3A8B62819FBF85B00D52EB6 /* ArticleRightMenu.xib */,
				B375C0C619F46B4F002D7AE7 /* Blocks */,
			);
			name = Views;
			sourceTree = "<group>";
		};
		73DC79B91A0C23A700093265 /* MyNews */ = {
			isa = PBXGroup;
			children = (
				B30ED5EA19FA8EC300DB2621 /* MyFeedViewController.h */,
				B30ED5EB19FA8EC300DB2621 /* MyFeedViewController.m */,
			);
			name = MyNews;
			sourceTree = "<group>";
		};
		73DC79BA1A0C23BB00093265 /* MyInterest */ = {
			isa = PBXGroup;
			children = (
				B38554E419F11B2E00AB8459 /* ChooseThemesViewController.h */,
				B38554E519F11B2E00AB8459 /* ChooseThemesViewController.m */,
			);
			name = MyInterest;
			sourceTree = "<group>";
		};
		73DC79BB1A0C23CF00093265 /* Article */ = {
			isa = PBXGroup;
			children = (
				B3E539781A110BD7006FF158 /* MenuDetail */,
				B38F09BC19F13CB10013B920 /* ArticleViewController.h */,
				B38F09BD19F13CB10013B920 /* ArticleViewController.m */,
				B3E539751A10FEC0006FF158 /* ArticleMenuViewController.h */,
				B3E539761A10FEC0006FF158 /* ArticleMenuViewController.m */,
			);
			name = Article;
			sourceTree = "<group>";
		};
		73DC79BC1A0C23E100093265 /* Profile */ = {
			isa = PBXGroup;
			children = (
				73DC79C41A0C28F700093265 /* glenn_test.jpg */,
				73DC79BE1A0C245F00093265 /* MyProfileViewController.h */,
				73DC79BF1A0C245F00093265 /* MyProfileViewController.m */,
			);
			name = Profile;
			sourceTree = "<group>";
		};
		73DC79BD1A0C243000093265 /* Synchro */ = {
			isa = PBXGroup;
			children = (
				73DC79C11A0C25B100093265 /* SynchroViewController.h */,
				73DC79C21A0C25B100093265 /* SynchroViewController.m */,
			);
			name = Synchro;
			sourceTree = "<group>";
		};
		B34E701C1A02DA5A00C4ECA2 /* StackBlur */ = {
			isa = PBXGroup;
			children = (
				B34E701D1A02DA5A00C4ECA2 /* UIImage+StackBlur.h */,
				B34E701E1A02DA5A00C4ECA2 /* UIImage+StackBlur.m */,
			);
			name = StackBlur;
			path = Pancakes/StackBlur;
			sourceTree = "<group>";
		};
		B34E70201A02DEA200C4ECA2 /* UIImage+DSP */ = {
			isa = PBXGroup;
			children = (
				B34E70211A02DEA200C4ECA2 /* UIImage+DSP.h */,
				B34E70221A02DEA200C4ECA2 /* UIImage+DSP.m */,
			);
			name = "UIImage+DSP";
			path = "Pancakes/UIImage+DSP";
			sourceTree = "<group>";
		};
		B35841FF1A069C1900A17468 /* EmbeddedBlocks */ = {
			isa = PBXGroup;
			children = (
				B35842001A069C4700A17468 /* DefinitionEmbeddedBlock.h */,
				B35842011A069C4700A17468 /* DefinitionEmbeddedBlock.m */,
				B33CCBC61A0905CC007766E4 /* MapEmbeddedBlock.h */,
				B33CCBC71A0905CC007766E4 /* MapEmbeddedBlock.m */,
			);
			name = EmbeddedBlocks;
			sourceTree = "<group>";
		};
		B375C0C619F46B4F002D7AE7 /* Blocks */ = {
			isa = PBXGroup;
			children = (
				B35841FF1A069C1900A17468 /* EmbeddedBlocks */,
				B3A8B62919FBF85B00D52EB6 /* GenericBlockCell.xib */,
				B375C0C719F46B6A002D7AE7 /* GenericBlockCell.h */,
				B375C0C819F46B6A002D7AE7 /* GenericBlockCell.m */,
				B35841FA1A03DAC400A17468 /* SectionBlockCell.h */,
				B35841FB1A03DAC400A17468 /* SectionBlockCell.m */,
				B35841FC1A03DAC400A17468 /* SectionBlockCell.xib */,
				B373345F1A0791C000FDBF70 /* EditorsBlockCell.h */,
				B37334601A0791C000FDBF70 /* EditorsBlockCell.m */,
			);
			name = Blocks;
			sourceTree = "<group>";
		};
		B375C0CA19F4704D002D7AE7 /* Services */ = {
			isa = PBXGroup;
			children = (
				737668151A111379002ECAB5 /* UserDataHolder.h */,
				737668161A111379002ECAB5 /* UserDataHolder.m */,
				B375C0CB19F47069002D7AE7 /* ContentParser.h */,
				B375C0CC19F47069002D7AE7 /* ContentParser.m */,
				B3CB88CD1A13A03A006DFF03 /* Utils.h */,
				B3CB88CE1A13A03A006DFF03 /* Utils.m */,
				7388872A1A14DBE400AB74A6 /* PKCacheManager.h */,
				7388872B1A14DBE400AB74A6 /* PKCacheManager.m */,
				7388872D1A14DFA200AB74A6 /* PKNotificationManager.h */,
				7388872E1A14DFA200AB74A6 /* PKNotificationManager.m */,
			);
			name = Services;
			sourceTree = "<group>";
		};
		B38554E319F11B0800AB8459 /* Controllers */ = {
			isa = PBXGroup;
			children = (
				B3B9375E1A0A41A800584843 /* Menu */,
				73DC79BA1A0C23BB00093265 /* MyInterest */,
				73DC79BC1A0C23E100093265 /* Profile */,
				73DC79B91A0C23A700093265 /* MyNews */,
				73DC79BB1A0C23CF00093265 /* Article */,
				73DC79BD1A0C243000093265 /* Synchro */,
				73FB80451A0BD09900CCA3F1 /* MainViewController.h */,
				73FB80461A0BD09900CCA3F1 /* MainViewController.m */,
			);
			name = Controllers;
			sourceTree = "<group>";
		};
		B38F09BF19F13EDF0013B920 /* Models */ = {
			isa = PBXGroup;
			children = (
				B39BC7FA19F2847600277370 /* Block.h */,
				B39BC7FB19F2847600277370 /* Block.m */,
				B39BC7FC19F2847600277370 /* BlockType.h */,
				B39BC7FD19F2847600277370 /* BlockType.m */,
				B39BC7FE19F2847600277370 /* Comment.h */,
				B39BC7FF19F2847600277370 /* Comment.m */,
				B39BC80019F2847600277370 /* User.h */,
				B39BC80119F2847600277370 /* User.m */,
				B38F09C019F13EEE0013B920 /* Article.h */,
				B38F09C119F13EEE0013B920 /* Article.m */,
				7392284B1A0D12CA005F02E9 /* ThemeInterest.h */,
				7392284C1A0D12CA005F02E9 /* ThemeInterest.m */,
				7392284E1A0D1301005F02E9 /* SubThemeInterest.h */,
				7392284F1A0D1301005F02E9 /* SubThemeInterest.m */,
			);
			name = Models;
			sourceTree = "<group>";
		};
		B3B1D5A419EEC498001E8BBF = {
			isa = PBXGroup;
			children = (
				73B33A6919F13D6000BFB546 /* PodFile */,
				73B33A6A19F13D6000BFB546 /* TemplateIcon2x.png */,
				B3B1D5AF19EEC499001E8BBF /* Pancakes */,
				B3B1D5C919EEC499001E8BBF /* PancakesTests */,
				B3B1D5AE19EEC499001E8BBF /* Products */,
				EF8C83CFC8F3D0303706B267 /* Pods */,
				39615222AF1BB60813B8A01E /* Frameworks */,
			);
			sourceTree = "<group>";
		};
		B3B1D5AE19EEC499001E8BBF /* Products */ = {
			isa = PBXGroup;
			children = (
				B3B1D5AD19EEC499001E8BBF /* Pancakes.app */,
				B3B1D5C619EEC499001E8BBF /* PancakesTests.xctest */,
			);
			name = Products;
			sourceTree = "<group>";
		};
		B3B1D5AF19EEC499001E8BBF /* Pancakes */ = {
			isa = PBXGroup;
			children = (
				739228531A0D14B3005F02E9 /* TemplateIcon2x.png */,
				739228511A0D1498005F02E9 /* Dummies */,
				B32A535E19FAE6ED00432378 /* Configuration.h */,
				B375C0CA19F4704D002D7AE7 /* Services */,
				73B33A6D19F15AD600BFB546 /* Views */,
				B38F09BF19F13EDF0013B920 /* Models */,
				B38554E319F11B0800AB8459 /* Controllers */,
				B3B1D5B419EEC499001E8BBF /* AppDelegate.h */,
				B3B1D5B519EEC499001E8BBF /* AppDelegate.m */,
				B3B1D5BA19EEC499001E8BBF /* Main.storyboard */,
				B3B1D5BD19EEC499001E8BBF /* Images.xcassets */,
				B3B1D5BF19EEC499001E8BBF /* LaunchScreen.xib */,
				B3EF69571A03D35D00150BF7 /* Resources */,
				B3B1D5B019EEC499001E8BBF /* Supporting Files */,
				B3FB2D3819F9A56000DF09D8 /* Macros.h */,
			);
			path = Pancakes;
			sourceTree = "<group>";
		};
		B3B1D5B019EEC499001E8BBF /* Supporting Files */ = {
			isa = PBXGroup;
			children = (
				B3B1D5B119EEC499001E8BBF /* Info.plist */,
				B3B1D5B219EEC499001E8BBF /* main.m */,
			);
			name = "Supporting Files";
			sourceTree = "<group>";
		};
		B3B1D5C919EEC499001E8BBF /* PancakesTests */ = {
			isa = PBXGroup;
			children = (
				B3B1D5CC19EEC499001E8BBF /* PancakesTests.m */,
				B3B1D5CA19EEC499001E8BBF /* Supporting Files */,
			);
			path = PancakesTests;
			sourceTree = "<group>";
		};
		B3B1D5CA19EEC499001E8BBF /* Supporting Files */ = {
			isa = PBXGroup;
			children = (
				B3B1D5CB19EEC499001E8BBF /* Info.plist */,
			);
			name = "Supporting Files";
			sourceTree = "<group>";
		};
		B3B9375E1A0A41A800584843 /* Menu */ = {
			isa = PBXGroup;
			children = (
				B3B9375F1A0A41B400584843 /* MainMenuViewController.h */,
				B3B937601A0A41B400584843 /* MainMenuViewController.m */,
			);
			name = Menu;
			sourceTree = "<group>";
		};
		B3D1631C1A13919500BCBE98 /* Layout */ = {
			isa = PBXGroup;
			children = (
				B3D1631D1A1391B100BCBE98 /* ArticleParagraphLayoutManager.h */,
				B3D1631E1A1391B100BCBE98 /* ArticleParagraphLayoutManager.m */,
			);
			name = Layout;
			sourceTree = "<group>";
		};
		B3E539781A110BD7006FF158 /* MenuDetail */ = {
			isa = PBXGroup;
			children = (
				B3E539791A110C27006FF158 /* ArticleMenuInterestsViewController.h */,
				B3E5397A1A110C27006FF158 /* ArticleMenuInterestsViewController.m */,
				B3E5397C1A110E5B006FF158 /* ArticleMenuShareViewController.h */,
				B3E5397D1A110E5B006FF158 /* ArticleMenuShareViewController.m */,
				B3E5397F1A110F84006FF158 /* ArticleMenuRelatedViewController.h */,
				B3E539801A110F84006FF158 /* ArticleMenuRelatedViewController.m */,
			);
			name = MenuDetail;
			sourceTree = "<group>";
		};
		B3EF69571A03D35D00150BF7 /* Resources */ = {
			isa = PBXGroup;
			children = (
				B3EF69581A03D35D00150BF7 /* font */,
			);
			path = Resources;
			sourceTree = "<group>";
		};
		B3EF69581A03D35D00150BF7 /* font */ = {
			isa = PBXGroup;
			children = (
				B3EF69591A03D35D00150BF7 /* Bree_Complete */,
				B3EF695C1A03D35D00150BF7 /* heuristica */,
			);
			path = font;
			sourceTree = "<group>";
		};
		B3EF69591A03D35D00150BF7 /* Bree_Complete */ = {
			isa = PBXGroup;
			children = (
				B3EF695A1A03D35D00150BF7 /* BreeBold.otf */,
				B3EF695B1A03D35D00150BF7 /* BreeRegular.otf */,
			);
			path = Bree_Complete;
			sourceTree = "<group>";
		};
		B3EF695C1A03D35D00150BF7 /* heuristica */ = {
			isa = PBXGroup;
			children = (
				B3EF695D1A03D35D00150BF7 /* Heuristica-Italic.otf */,
				B3EF695E1A03D35D00150BF7 /* Heuristica-Regular.otf */,
			);
			path = heuristica;
			sourceTree = "<group>";
		};
		EF8C83CFC8F3D0303706B267 /* Pods */ = {
			isa = PBXGroup;
			children = (
				350E046FF2281BACA6E6CE33 /* Pods-Pancakes.debug.xcconfig */,
				B5AD2A8D2E1335559E7681B7 /* Pods-Pancakes.release.xcconfig */,
			);
			name = Pods;
			sourceTree = "<group>";
		};
/* End PBXGroup section */

/* Begin PBXNativeTarget section */
		B3B1D5AC19EEC498001E8BBF /* Pancakes */ = {
			isa = PBXNativeTarget;
			buildConfigurationList = B3B1D5D019EEC499001E8BBF /* Build configuration list for PBXNativeTarget "Pancakes" */;
			buildPhases = (
				58216529F6A22814FC15622B /* Check Pods Manifest.lock */,
				B3B1D5A919EEC498001E8BBF /* Sources */,
				B3B1D5AA19EEC498001E8BBF /* Frameworks */,
				B3B1D5AB19EEC498001E8BBF /* Resources */,
				42B20EF52E03ABE6D2BDA115 /* Copy Pods Resources */,
			);
			buildRules = (
			);
			dependencies = (
			);
			name = Pancakes;
			productName = Pancakes;
			productReference = B3B1D5AD19EEC499001E8BBF /* Pancakes.app */;
			productType = "com.apple.product-type.application";
		};
		B3B1D5C519EEC499001E8BBF /* PancakesTests */ = {
			isa = PBXNativeTarget;
			buildConfigurationList = B3B1D5D319EEC499001E8BBF /* Build configuration list for PBXNativeTarget "PancakesTests" */;
			buildPhases = (
				B3B1D5C219EEC499001E8BBF /* Sources */,
				B3B1D5C319EEC499001E8BBF /* Frameworks */,
				B3B1D5C419EEC499001E8BBF /* Resources */,
			);
			buildRules = (
			);
			dependencies = (
				B3B1D5C819EEC499001E8BBF /* PBXTargetDependency */,
			);
			name = PancakesTests;
			productName = PancakesTests;
			productReference = B3B1D5C619EEC499001E8BBF /* PancakesTests.xctest */;
			productType = "com.apple.product-type.bundle.unit-test";
		};
/* End PBXNativeTarget section */

/* Begin PBXProject section */
		B3B1D5A519EEC498001E8BBF /* Project object */ = {
			isa = PBXProject;
			attributes = {
				LastUpgradeCheck = 0600;
				ORGANIZATIONNAME = Gobelins;
				TargetAttributes = {
					B3B1D5AC19EEC498001E8BBF = {
						CreatedOnToolsVersion = 6.0.1;
					};
					B3B1D5C519EEC499001E8BBF = {
						CreatedOnToolsVersion = 6.0.1;
						TestTargetID = B3B1D5AC19EEC498001E8BBF;
					};
				};
			};
			buildConfigurationList = B3B1D5A819EEC498001E8BBF /* Build configuration list for PBXProject "Pancakes" */;
			compatibilityVersion = "Xcode 3.2";
			developmentRegion = English;
			hasScannedForEncodings = 0;
			knownRegions = (
				en,
				Base,
			);
			mainGroup = B3B1D5A419EEC498001E8BBF;
			productRefGroup = B3B1D5AE19EEC499001E8BBF /* Products */;
			projectDirPath = "";
			projectRoot = "";
			targets = (
				B3B1D5AC19EEC498001E8BBF /* Pancakes */,
				B3B1D5C519EEC499001E8BBF /* PancakesTests */,
			);
		};
/* End PBXProject section */

/* Begin PBXResourcesBuildPhase section */
		B3B1D5AB19EEC498001E8BBF /* Resources */ = {
			isa = PBXResourcesBuildPhase;
			buildActionMask = 2147483647;
			files = (
				73B33A6C19F13D6000BFB546 /* TemplateIcon2x.png in Resources */,
				B3A8B62A19FBF85B00D52EB6 /* ArticleLeftMenu.xib in Resources */,
				B3A8B62B19FBF85B00D52EB6 /* ArticleRightMenu.xib in Resources */,
				B3183C3C19F68B90004C401F /* (null) in Resources */,
				B3EF69611A03D35D00150BF7 /* Heuristica-Italic.otf in Resources */,
				B35841FE1A03DAC400A17468 /* SectionBlockCell.xib in Resources */,
				B3B1D5BC19EEC499001E8BBF /* Main.storyboard in Resources */,
				739228541A0D14B3005F02E9 /* MyInterest.json in Resources */,
				73DC79C51A0C28F700093265 /* glenn_test.jpg in Resources */,
				B3B1D5C119EEC499001E8BBF /* LaunchScreen.xib in Resources */,
				73B33A6B19F13D6000BFB546 /* PodFile in Resources */,
				73B33A7119F15CC600BFB546 /* UIThemeView.xib in Resources */,
				B3EF69601A03D35D00150BF7 /* BreeRegular.otf in Resources */,
				7324CFBA19F83D4C004E2065 /* UISubThemeViewCell.xib in Resources */,
				B3B1D5BE19EEC499001E8BBF /* Images.xcassets in Resources */,
				B3EF69621A03D35D00150BF7 /* Heuristica-Regular.otf in Resources */,
				B3EF695F1A03D35D00150BF7 /* BreeBold.otf in Resources */,
				739228551A0D14B3005F02E9 /* TemplateIcon2x.png in Resources */,
				B3A8B62C19FBF85B00D52EB6 /* GenericBlockCell.xib in Resources */,
			);
			runOnlyForDeploymentPostprocessing = 0;
		};
		B3B1D5C419EEC499001E8BBF /* Resources */ = {
			isa = PBXResourcesBuildPhase;
			buildActionMask = 2147483647;
			files = (
			);
			runOnlyForDeploymentPostprocessing = 0;
		};
/* End PBXResourcesBuildPhase section */

/* Begin PBXShellScriptBuildPhase section */
		42B20EF52E03ABE6D2BDA115 /* Copy Pods Resources */ = {
			isa = PBXShellScriptBuildPhase;
			buildActionMask = 2147483647;
			files = (
			);
			inputPaths = (
			);
			name = "Copy Pods Resources";
			outputPaths = (
			);
			runOnlyForDeploymentPostprocessing = 0;
			shellPath = /bin/sh;
			shellScript = "\"${SRCROOT}/Pods/Target Support Files/Pods-Pancakes/Pods-Pancakes-resources.sh\"\n";
			showEnvVarsInLog = 0;
		};
		58216529F6A22814FC15622B /* Check Pods Manifest.lock */ = {
			isa = PBXShellScriptBuildPhase;
			buildActionMask = 2147483647;
			files = (
			);
			inputPaths = (
			);
			name = "Check Pods Manifest.lock";
			outputPaths = (
			);
			runOnlyForDeploymentPostprocessing = 0;
			shellPath = /bin/sh;
			shellScript = "diff \"${PODS_ROOT}/../Podfile.lock\" \"${PODS_ROOT}/Manifest.lock\" > /dev/null\nif [[ $? != 0 ]] ; then\n    cat << EOM\nerror: The sandbox is not in sync with the Podfile.lock. Run 'pod install' or update your CocoaPods installation.\nEOM\n    exit 1\nfi\n";
			showEnvVarsInLog = 0;
		};
/* End PBXShellScriptBuildPhase section */

/* Begin PBXSourcesBuildPhase section */
		B3B1D5A919EEC498001E8BBF /* Sources */ = {
			isa = PBXSourcesBuildPhase;
			buildActionMask = 2147483647;
			files = (
				B34E701F1A02DA5A00C4ECA2 /* UIImage+StackBlur.m in Sources */,
				73B33A7419F15DB700BFB546 /* UIThemeView.m in Sources */,
				7388872F1A14DFA200AB74A6 /* PKNotificationManager.m in Sources */,
				B3E5397E1A110E5B006FF158 /* ArticleMenuShareViewController.m in Sources */,
				B3E539811A110F84006FF158 /* ArticleMenuRelatedViewController.m in Sources */,
				B35841FD1A03DAC400A17468 /* SectionBlockCell.m in Sources */,
				B38F09C219F13EEE0013B920 /* Article.m in Sources */,
				B375C0C919F46B6B002D7AE7 /* GenericBlockCell.m in Sources */,
				B38554E619F11B2E00AB8459 /* ChooseThemesViewController.m in Sources */,
				73DC79C01A0C245F00093265 /* MyProfileViewController.m in Sources */,
				73DC79C31A0C25B100093265 /* SynchroViewController.m in Sources */,
				7324CFB919F83D4C004E2065 /* UISubThemeViewCell.m in Sources */,
				B30ED5EC19FA8EC300DB2621 /* MyFeedViewController.m in Sources */,
				B3D1631F1A1391B100BCBE98 /* ArticleParagraphLayoutManager.m in Sources */,
				B3E539771A10FEC0006FF158 /* ArticleMenuViewController.m in Sources */,
				B39BC80519F2847600277370 /* User.m in Sources */,
				B38F09BE19F13CB10013B920 /* ArticleViewController.m in Sources */,
				B3E5397B1A110C27006FF158 /* ArticleMenuInterestsViewController.m in Sources */,
				B39BC80219F2847600277370 /* Block.m in Sources */,
				73FB80471A0BD09900CCA3F1 /* MainViewController.m in Sources */,
				739228501A0D1301005F02E9 /* SubThemeInterest.m in Sources */,
				B37334611A0791C000FDBF70 /* EditorsBlockCell.m in Sources */,
				7392284D1A0D12CA005F02E9 /* ThemeInterest.m in Sources */,
				B33CCBC81A0905CC007766E4 /* MapEmbeddedBlock.m in Sources */,
				B3B937611A0A41B400584843 /* MainMenuViewController.m in Sources */,
				B3B1D5B619EEC499001E8BBF /* AppDelegate.m in Sources */,
				B35842021A069C4700A17468 /* DefinitionEmbeddedBlock.m in Sources */,
				737668171A111379002ECAB5 /* UserDataHolder.m in Sources */,
				B34E70231A02DEA200C4ECA2 /* UIImage+DSP.m in Sources */,
				B39BC80319F2847600277370 /* BlockType.m in Sources */,
				7388872C1A14DBE400AB74A6 /* PKCacheManager.m in Sources */,
				B3B1D5B319EEC499001E8BBF /* main.m in Sources */,
				B39BC80419F2847600277370 /* Comment.m in Sources */,
				B375C0CD19F47069002D7AE7 /* ContentParser.m in Sources */,
				B3CB88CF1A13A03A006DFF03 /* Utils.m in Sources */,
			);
			runOnlyForDeploymentPostprocessing = 0;
		};
		B3B1D5C219EEC499001E8BBF /* Sources */ = {
			isa = PBXSourcesBuildPhase;
			buildActionMask = 2147483647;
			files = (
				B3B1D5CD19EEC499001E8BBF /* PancakesTests.m in Sources */,
			);
			runOnlyForDeploymentPostprocessing = 0;
		};
/* End PBXSourcesBuildPhase section */

/* Begin PBXTargetDependency section */
		B3B1D5C819EEC499001E8BBF /* PBXTargetDependency */ = {
			isa = PBXTargetDependency;
			target = B3B1D5AC19EEC498001E8BBF /* Pancakes */;
			targetProxy = B3B1D5C719EEC499001E8BBF /* PBXContainerItemProxy */;
		};
/* End PBXTargetDependency section */

/* Begin PBXVariantGroup section */
		B3B1D5BA19EEC499001E8BBF /* Main.storyboard */ = {
			isa = PBXVariantGroup;
			children = (
				B3B1D5BB19EEC499001E8BBF /* Base */,
			);
			name = Main.storyboard;
			sourceTree = "<group>";
		};
		B3B1D5BF19EEC499001E8BBF /* LaunchScreen.xib */ = {
			isa = PBXVariantGroup;
			children = (
				B3B1D5C019EEC499001E8BBF /* Base */,
			);
			name = LaunchScreen.xib;
			sourceTree = "<group>";
		};
/* End PBXVariantGroup section */

/* Begin XCBuildConfiguration section */
		B3B1D5CE19EEC499001E8BBF /* Debug */ = {
			isa = XCBuildConfiguration;
			buildSettings = {
				ALWAYS_SEARCH_USER_PATHS = NO;
				CLANG_CXX_LANGUAGE_STANDARD = "gnu++0x";
				CLANG_CXX_LIBRARY = "libc++";
				CLANG_ENABLE_MODULES = YES;
				CLANG_ENABLE_OBJC_ARC = YES;
				CLANG_WARN_BOOL_CONVERSION = YES;
				CLANG_WARN_CONSTANT_CONVERSION = YES;
				CLANG_WARN_DIRECT_OBJC_ISA_USAGE = YES_ERROR;
				CLANG_WARN_EMPTY_BODY = YES;
				CLANG_WARN_ENUM_CONVERSION = YES;
				CLANG_WARN_INT_CONVERSION = YES;
				CLANG_WARN_OBJC_ROOT_CLASS = YES_ERROR;
				CLANG_WARN_UNREACHABLE_CODE = YES;
				CLANG_WARN__DUPLICATE_METHOD_MATCH = YES;
				"CODE_SIGN_IDENTITY[sdk=iphoneos*]" = "iPhone Developer";
				COPY_PHASE_STRIP = NO;
				ENABLE_STRICT_OBJC_MSGSEND = YES;
				GCC_C_LANGUAGE_STANDARD = gnu99;
				GCC_DYNAMIC_NO_PIC = NO;
				GCC_OPTIMIZATION_LEVEL = 0;
				GCC_PREPROCESSOR_DEFINITIONS = (
					"DEBUG=1",
					"$(inherited)",
				);
				GCC_SYMBOLS_PRIVATE_EXTERN = NO;
				GCC_WARN_64_TO_32_BIT_CONVERSION = YES;
				GCC_WARN_ABOUT_RETURN_TYPE = YES_ERROR;
				GCC_WARN_UNDECLARED_SELECTOR = YES;
				GCC_WARN_UNINITIALIZED_AUTOS = YES_AGGRESSIVE;
				GCC_WARN_UNUSED_FUNCTION = YES;
				GCC_WARN_UNUSED_VARIABLE = YES;
				IPHONEOS_DEPLOYMENT_TARGET = 8.0;
				MTL_ENABLE_DEBUG_INFO = YES;
				ONLY_ACTIVE_ARCH = YES;
				SDKROOT = iphoneos;
			};
			name = Debug;
		};
		B3B1D5CF19EEC499001E8BBF /* Release */ = {
			isa = XCBuildConfiguration;
			buildSettings = {
				ALWAYS_SEARCH_USER_PATHS = NO;
				CLANG_CXX_LANGUAGE_STANDARD = "gnu++0x";
				CLANG_CXX_LIBRARY = "libc++";
				CLANG_ENABLE_MODULES = YES;
				CLANG_ENABLE_OBJC_ARC = YES;
				CLANG_WARN_BOOL_CONVERSION = YES;
				CLANG_WARN_CONSTANT_CONVERSION = YES;
				CLANG_WARN_DIRECT_OBJC_ISA_USAGE = YES_ERROR;
				CLANG_WARN_EMPTY_BODY = YES;
				CLANG_WARN_ENUM_CONVERSION = YES;
				CLANG_WARN_INT_CONVERSION = YES;
				CLANG_WARN_OBJC_ROOT_CLASS = YES_ERROR;
				CLANG_WARN_UNREACHABLE_CODE = YES;
				CLANG_WARN__DUPLICATE_METHOD_MATCH = YES;
				"CODE_SIGN_IDENTITY[sdk=iphoneos*]" = "iPhone Developer";
				COPY_PHASE_STRIP = YES;
				ENABLE_NS_ASSERTIONS = NO;
				ENABLE_STRICT_OBJC_MSGSEND = YES;
				GCC_C_LANGUAGE_STANDARD = gnu99;
				GCC_WARN_64_TO_32_BIT_CONVERSION = YES;
				GCC_WARN_ABOUT_RETURN_TYPE = YES_ERROR;
				GCC_WARN_UNDECLARED_SELECTOR = YES;
				GCC_WARN_UNINITIALIZED_AUTOS = YES_AGGRESSIVE;
				GCC_WARN_UNUSED_FUNCTION = YES;
				GCC_WARN_UNUSED_VARIABLE = YES;
				IPHONEOS_DEPLOYMENT_TARGET = 8.0;
				MTL_ENABLE_DEBUG_INFO = NO;
				SDKROOT = iphoneos;
				VALIDATE_PRODUCT = YES;
			};
			name = Release;
		};
		B3B1D5D119EEC499001E8BBF /* Debug */ = {
			isa = XCBuildConfiguration;
			baseConfigurationReference = 350E046FF2281BACA6E6CE33 /* Pods-Pancakes.debug.xcconfig */;
			buildSettings = {
				ASSETCATALOG_COMPILER_APPICON_NAME = AppIcon;
				INFOPLIST_FILE = Pancakes/Info.plist;
				IPHONEOS_DEPLOYMENT_TARGET = 8.0;
				LD_RUNPATH_SEARCH_PATHS = "$(inherited) @executable_path/Frameworks";
				PRODUCT_NAME = "$(TARGET_NAME)";
			};
			name = Debug;
		};
		B3B1D5D219EEC499001E8BBF /* Release */ = {
			isa = XCBuildConfiguration;
			baseConfigurationReference = B5AD2A8D2E1335559E7681B7 /* Pods-Pancakes.release.xcconfig */;
			buildSettings = {
				ASSETCATALOG_COMPILER_APPICON_NAME = AppIcon;
				INFOPLIST_FILE = Pancakes/Info.plist;
				IPHONEOS_DEPLOYMENT_TARGET = 8.0;
				LD_RUNPATH_SEARCH_PATHS = "$(inherited) @executable_path/Frameworks";
				PRODUCT_NAME = "$(TARGET_NAME)";
			};
			name = Release;
		};
		B3B1D5D419EEC499001E8BBF /* Debug */ = {
			isa = XCBuildConfiguration;
			buildSettings = {
				BUNDLE_LOADER = "$(TEST_HOST)";
				FRAMEWORK_SEARCH_PATHS = (
					"$(SDKROOT)/Developer/Library/Frameworks",
					"$(inherited)",
				);
				GCC_PREPROCESSOR_DEFINITIONS = (
					"DEBUG=1",
					"$(inherited)",
				);
				INFOPLIST_FILE = PancakesTests/Info.plist;
				LD_RUNPATH_SEARCH_PATHS = "$(inherited) @executable_path/Frameworks @loader_path/Frameworks";
				PRODUCT_NAME = "$(TARGET_NAME)";
				TEST_HOST = "$(BUILT_PRODUCTS_DIR)/Pancakes.app/Pancakes";
			};
			name = Debug;
		};
		B3B1D5D519EEC499001E8BBF /* Release */ = {
			isa = XCBuildConfiguration;
			buildSettings = {
				BUNDLE_LOADER = "$(TEST_HOST)";
				FRAMEWORK_SEARCH_PATHS = (
					"$(SDKROOT)/Developer/Library/Frameworks",
					"$(inherited)",
				);
				INFOPLIST_FILE = PancakesTests/Info.plist;
				LD_RUNPATH_SEARCH_PATHS = "$(inherited) @executable_path/Frameworks @loader_path/Frameworks";
				PRODUCT_NAME = "$(TARGET_NAME)";
				TEST_HOST = "$(BUILT_PRODUCTS_DIR)/Pancakes.app/Pancakes";
			};
			name = Release;
		};
/* End XCBuildConfiguration section */

/* Begin XCConfigurationList section */
		B3B1D5A819EEC498001E8BBF /* Build configuration list for PBXProject "Pancakes" */ = {
			isa = XCConfigurationList;
			buildConfigurations = (
				B3B1D5CE19EEC499001E8BBF /* Debug */,
				B3B1D5CF19EEC499001E8BBF /* Release */,
			);
			defaultConfigurationIsVisible = 0;
			defaultConfigurationName = Release;
		};
		B3B1D5D019EEC499001E8BBF /* Build configuration list for PBXNativeTarget "Pancakes" */ = {
			isa = XCConfigurationList;
			buildConfigurations = (
				B3B1D5D119EEC499001E8BBF /* Debug */,
				B3B1D5D219EEC499001E8BBF /* Release */,
			);
			defaultConfigurationIsVisible = 0;
			defaultConfigurationName = Release;
		};
		B3B1D5D319EEC499001E8BBF /* Build configuration list for PBXNativeTarget "PancakesTests" */ = {
			isa = XCConfigurationList;
			buildConfigurations = (
				B3B1D5D419EEC499001E8BBF /* Debug */,
				B3B1D5D519EEC499001E8BBF /* Release */,
			);
			defaultConfigurationIsVisible = 0;
			defaultConfigurationName = Release;
		};
/* End XCConfigurationList section */
	};
	rootObject = B3B1D5A519EEC498001E8BBF /* Project object */;
}
