// !$*UTF8*$!
{
	archiveVersion = 1;
	classes = {
	};
	objectVersion = 46;
	objects = {

/* Begin PBXBuildFile section */
		73B33A6B19F13D6000BFB546 /* PodFile in Resources */ = {isa = PBXBuildFile; fileRef = 73B33A6919F13D6000BFB546 /* PodFile */; };
		73B33A6C19F13D6000BFB546 /* TemplateIcon2x.png in Resources */ = {isa = PBXBuildFile; fileRef = 73B33A6A19F13D6000BFB546 /* TemplateIcon2x.png */; };
		B38554E619F11B2E00AB8459 /* ChooseThemesViewController.m in Sources */ = {isa = PBXBuildFile; fileRef = B38554E519F11B2E00AB8459 /* ChooseThemesViewController.m */; };
		B38F09BE19F13CB10013B920 /* ArticleViewController.m in Sources */ = {isa = PBXBuildFile; fileRef = B38F09BD19F13CB10013B920 /* ArticleViewController.m */; };
		B38F09C219F13EEE0013B920 /* Article.m in Sources */ = {isa = PBXBuildFile; fileRef = B38F09C119F13EEE0013B920 /* Article.m */; };
		B39BC80219F2847600277370 /* Block.m in Sources */ = {isa = PBXBuildFile; fileRef = B39BC7FB19F2847600277370 /* Block.m */; };
		B39BC80319F2847600277370 /* BlockType.m in Sources */ = {isa = PBXBuildFile; fileRef = B39BC7FD19F2847600277370 /* BlockType.m */; };
		B39BC80419F2847600277370 /* Comment.m in Sources */ = {isa = PBXBuildFile; fileRef = B39BC7FF19F2847600277370 /* Comment.m */; };
		B39BC80519F2847600277370 /* User.m in Sources */ = {isa = PBXBuildFile; fileRef = B39BC80119F2847600277370 /* User.m */; };
		B39BC84419F284B600277370 /* JSONModel.m in Sources */ = {isa = PBXBuildFile; fileRef = B39BC82D19F284B600277370 /* JSONModel.m */; };
		B39BC84519F284B600277370 /* JSONModelArray.m in Sources */ = {isa = PBXBuildFile; fileRef = B39BC82F19F284B600277370 /* JSONModelArray.m */; };
		B39BC84619F284B600277370 /* JSONModelClassProperty.m in Sources */ = {isa = PBXBuildFile; fileRef = B39BC83119F284B600277370 /* JSONModelClassProperty.m */; };
		B39BC84719F284B600277370 /* JSONModelError.m in Sources */ = {isa = PBXBuildFile; fileRef = B39BC83319F284B600277370 /* JSONModelError.m */; };
		B39BC84819F284B600277370 /* NSArray+JSONModel.m in Sources */ = {isa = PBXBuildFile; fileRef = B39BC83619F284B600277370 /* NSArray+JSONModel.m */; };
		B39BC84919F284B600277370 /* JSONAPI.m in Sources */ = {isa = PBXBuildFile; fileRef = B39BC83A19F284B600277370 /* JSONAPI.m */; };
		B39BC84A19F284B600277370 /* JSONHTTPClient.m in Sources */ = {isa = PBXBuildFile; fileRef = B39BC83C19F284B600277370 /* JSONHTTPClient.m */; };
		B39BC84B19F284B600277370 /* JSONModel+networking.m in Sources */ = {isa = PBXBuildFile; fileRef = B39BC83E19F284B600277370 /* JSONModel+networking.m */; };
		B39BC84C19F284B600277370 /* JSONKeyMapper.m in Sources */ = {isa = PBXBuildFile; fileRef = B39BC84119F284B600277370 /* JSONKeyMapper.m */; };
		B39BC84D19F284B600277370 /* JSONValueTransformer.m in Sources */ = {isa = PBXBuildFile; fileRef = B39BC84319F284B600277370 /* JSONValueTransformer.m */; };
		B3B1D5B319EEC499001E8BBF /* main.m in Sources */ = {isa = PBXBuildFile; fileRef = B3B1D5B219EEC499001E8BBF /* main.m */; };
		B3B1D5B619EEC499001E8BBF /* AppDelegate.m in Sources */ = {isa = PBXBuildFile; fileRef = B3B1D5B519EEC499001E8BBF /* AppDelegate.m */; };
		B3B1D5BC19EEC499001E8BBF /* Main.storyboard in Resources */ = {isa = PBXBuildFile; fileRef = B3B1D5BA19EEC499001E8BBF /* Main.storyboard */; };
		B3B1D5BE19EEC499001E8BBF /* Images.xcassets in Resources */ = {isa = PBXBuildFile; fileRef = B3B1D5BD19EEC499001E8BBF /* Images.xcassets */; };
		B3B1D5C119EEC499001E8BBF /* LaunchScreen.xib in Resources */ = {isa = PBXBuildFile; fileRef = B3B1D5BF19EEC499001E8BBF /* LaunchScreen.xib */; };
		B3B1D5CD19EEC499001E8BBF /* PancakesTests.m in Sources */ = {isa = PBXBuildFile; fileRef = B3B1D5CC19EEC499001E8BBF /* PancakesTests.m */; };
/* End PBXBuildFile section */

/* Begin PBXContainerItemProxy section */
		B3B1D5C719EEC499001E8BBF /* PBXContainerItemProxy */ = {
			isa = PBXContainerItemProxy;
			containerPortal = B3B1D5A519EEC498001E8BBF /* Project object */;
			proxyType = 1;
			remoteGlobalIDString = B3B1D5AC19EEC498001E8BBF;
			remoteInfo = Pancakes;
		};
/* End PBXContainerItemProxy section */

/* Begin PBXFileReference section */
		73B33A6919F13D6000BFB546 /* PodFile */ = {isa = PBXFileReference; fileEncoding = 4; lastKnownFileType = text; path = PodFile; sourceTree = "<group>"; };
		73B33A6A19F13D6000BFB546 /* TemplateIcon2x.png */ = {isa = PBXFileReference; lastKnownFileType = image.png; path = TemplateIcon2x.png; sourceTree = "<group>"; };
		B38554E419F11B2E00AB8459 /* ChooseThemesViewController.h */ = {isa = PBXFileReference; fileEncoding = 4; lastKnownFileType = sourcecode.c.h; path = ChooseThemesViewController.h; sourceTree = "<group>"; };
		B38554E519F11B2E00AB8459 /* ChooseThemesViewController.m */ = {isa = PBXFileReference; fileEncoding = 4; lastKnownFileType = sourcecode.c.objc; path = ChooseThemesViewController.m; sourceTree = "<group>"; };
		B38F09BC19F13CB10013B920 /* ArticleViewController.h */ = {isa = PBXFileReference; fileEncoding = 4; lastKnownFileType = sourcecode.c.h; path = ArticleViewController.h; sourceTree = "<group>"; };
		B38F09BD19F13CB10013B920 /* ArticleViewController.m */ = {isa = PBXFileReference; fileEncoding = 4; lastKnownFileType = sourcecode.c.objc; path = ArticleViewController.m; sourceTree = "<group>"; };
		B38F09C019F13EEE0013B920 /* Article.h */ = {isa = PBXFileReference; fileEncoding = 4; lastKnownFileType = sourcecode.c.h; path = Article.h; sourceTree = "<group>"; };
		B38F09C119F13EEE0013B920 /* Article.m */ = {isa = PBXFileReference; fileEncoding = 4; lastKnownFileType = sourcecode.c.objc; path = Article.m; sourceTree = "<group>"; };
		B39BC7FA19F2847600277370 /* Block.h */ = {isa = PBXFileReference; fileEncoding = 4; lastKnownFileType = sourcecode.c.h; path = Block.h; sourceTree = "<group>"; };
		B39BC7FB19F2847600277370 /* Block.m */ = {isa = PBXFileReference; fileEncoding = 4; lastKnownFileType = sourcecode.c.objc; path = Block.m; sourceTree = "<group>"; };
		B39BC7FC19F2847600277370 /* BlockType.h */ = {isa = PBXFileReference; fileEncoding = 4; lastKnownFileType = sourcecode.c.h; path = BlockType.h; sourceTree = "<group>"; };
		B39BC7FD19F2847600277370 /* BlockType.m */ = {isa = PBXFileReference; fileEncoding = 4; lastKnownFileType = sourcecode.c.objc; path = BlockType.m; sourceTree = "<group>"; };
		B39BC7FE19F2847600277370 /* Comment.h */ = {isa = PBXFileReference; fileEncoding = 4; lastKnownFileType = sourcecode.c.h; path = Comment.h; sourceTree = "<group>"; };
		B39BC7FF19F2847600277370 /* Comment.m */ = {isa = PBXFileReference; fileEncoding = 4; lastKnownFileType = sourcecode.c.objc; path = Comment.m; sourceTree = "<group>"; };
		B39BC80019F2847600277370 /* User.h */ = {isa = PBXFileReference; fileEncoding = 4; lastKnownFileType = sourcecode.c.h; path = User.h; sourceTree = "<group>"; };
		B39BC80119F2847600277370 /* User.m */ = {isa = PBXFileReference; fileEncoding = 4; lastKnownFileType = sourcecode.c.objc; path = User.m; sourceTree = "<group>"; };
		B39BC82C19F284B600277370 /* JSONModel.h */ = {isa = PBXFileReference; fileEncoding = 4; lastKnownFileType = sourcecode.c.h; path = JSONModel.h; sourceTree = "<group>"; };
		B39BC82D19F284B600277370 /* JSONModel.m */ = {isa = PBXFileReference; fileEncoding = 4; lastKnownFileType = sourcecode.c.objc; path = JSONModel.m; sourceTree = "<group>"; };
		B39BC82E19F284B600277370 /* JSONModelArray.h */ = {isa = PBXFileReference; fileEncoding = 4; lastKnownFileType = sourcecode.c.h; path = JSONModelArray.h; sourceTree = "<group>"; };
		B39BC82F19F284B600277370 /* JSONModelArray.m */ = {isa = PBXFileReference; fileEncoding = 4; lastKnownFileType = sourcecode.c.objc; path = JSONModelArray.m; sourceTree = "<group>"; };
		B39BC83019F284B600277370 /* JSONModelClassProperty.h */ = {isa = PBXFileReference; fileEncoding = 4; lastKnownFileType = sourcecode.c.h; path = JSONModelClassProperty.h; sourceTree = "<group>"; };
		B39BC83119F284B600277370 /* JSONModelClassProperty.m */ = {isa = PBXFileReference; fileEncoding = 4; lastKnownFileType = sourcecode.c.objc; path = JSONModelClassProperty.m; sourceTree = "<group>"; };
		B39BC83219F284B600277370 /* JSONModelError.h */ = {isa = PBXFileReference; fileEncoding = 4; lastKnownFileType = sourcecode.c.h; path = JSONModelError.h; sourceTree = "<group>"; };
		B39BC83319F284B600277370 /* JSONModelError.m */ = {isa = PBXFileReference; fileEncoding = 4; lastKnownFileType = sourcecode.c.objc; path = JSONModelError.m; sourceTree = "<group>"; };
		B39BC83519F284B600277370 /* NSArray+JSONModel.h */ = {isa = PBXFileReference; fileEncoding = 4; lastKnownFileType = sourcecode.c.h; path = "NSArray+JSONModel.h"; sourceTree = "<group>"; };
		B39BC83619F284B600277370 /* NSArray+JSONModel.m */ = {isa = PBXFileReference; fileEncoding = 4; lastKnownFileType = sourcecode.c.objc; path = "NSArray+JSONModel.m"; sourceTree = "<group>"; };
		B39BC83719F284B600277370 /* JSONModelLib.h */ = {isa = PBXFileReference; fileEncoding = 4; lastKnownFileType = sourcecode.c.h; path = JSONModelLib.h; sourceTree = "<group>"; };
		B39BC83919F284B600277370 /* JSONAPI.h */ = {isa = PBXFileReference; fileEncoding = 4; lastKnownFileType = sourcecode.c.h; path = JSONAPI.h; sourceTree = "<group>"; };
		B39BC83A19F284B600277370 /* JSONAPI.m */ = {isa = PBXFileReference; fileEncoding = 4; lastKnownFileType = sourcecode.c.objc; path = JSONAPI.m; sourceTree = "<group>"; };
		B39BC83B19F284B600277370 /* JSONHTTPClient.h */ = {isa = PBXFileReference; fileEncoding = 4; lastKnownFileType = sourcecode.c.h; path = JSONHTTPClient.h; sourceTree = "<group>"; };
		B39BC83C19F284B600277370 /* JSONHTTPClient.m */ = {isa = PBXFileReference; fileEncoding = 4; lastKnownFileType = sourcecode.c.objc; path = JSONHTTPClient.m; sourceTree = "<group>"; };
		B39BC83D19F284B600277370 /* JSONModel+networking.h */ = {isa = PBXFileReference; fileEncoding = 4; lastKnownFileType = sourcecode.c.h; path = "JSONModel+networking.h"; sourceTree = "<group>"; };
		B39BC83E19F284B600277370 /* JSONModel+networking.m */ = {isa = PBXFileReference; fileEncoding = 4; lastKnownFileType = sourcecode.c.objc; path = "JSONModel+networking.m"; sourceTree = "<group>"; };
		B39BC84019F284B600277370 /* JSONKeyMapper.h */ = {isa = PBXFileReference; fileEncoding = 4; lastKnownFileType = sourcecode.c.h; path = JSONKeyMapper.h; sourceTree = "<group>"; };
		B39BC84119F284B600277370 /* JSONKeyMapper.m */ = {isa = PBXFileReference; fileEncoding = 4; lastKnownFileType = sourcecode.c.objc; path = JSONKeyMapper.m; sourceTree = "<group>"; };
		B39BC84219F284B600277370 /* JSONValueTransformer.h */ = {isa = PBXFileReference; fileEncoding = 4; lastKnownFileType = sourcecode.c.h; path = JSONValueTransformer.h; sourceTree = "<group>"; };
		B39BC84319F284B600277370 /* JSONValueTransformer.m */ = {isa = PBXFileReference; fileEncoding = 4; lastKnownFileType = sourcecode.c.objc; path = JSONValueTransformer.m; sourceTree = "<group>"; };
		B3B1D5AD19EEC499001E8BBF /* Pancakes.app */ = {isa = PBXFileReference; explicitFileType = wrapper.application; includeInIndex = 0; path = Pancakes.app; sourceTree = BUILT_PRODUCTS_DIR; };
		B3B1D5B119EEC499001E8BBF /* Info.plist */ = {isa = PBXFileReference; lastKnownFileType = text.plist.xml; path = Info.plist; sourceTree = "<group>"; };
		B3B1D5B219EEC499001E8BBF /* main.m */ = {isa = PBXFileReference; lastKnownFileType = sourcecode.c.objc; path = main.m; sourceTree = "<group>"; };
		B3B1D5B419EEC499001E8BBF /* AppDelegate.h */ = {isa = PBXFileReference; lastKnownFileType = sourcecode.c.h; path = AppDelegate.h; sourceTree = "<group>"; };
		B3B1D5B519EEC499001E8BBF /* AppDelegate.m */ = {isa = PBXFileReference; lastKnownFileType = sourcecode.c.objc; path = AppDelegate.m; sourceTree = "<group>"; };
		B3B1D5BB19EEC499001E8BBF /* Base */ = {isa = PBXFileReference; lastKnownFileType = file.storyboard; name = Base; path = Base.lproj/Main.storyboard; sourceTree = "<group>"; };
		B3B1D5BD19EEC499001E8BBF /* Images.xcassets */ = {isa = PBXFileReference; lastKnownFileType = folder.assetcatalog; path = Images.xcassets; sourceTree = "<group>"; };
		B3B1D5C019EEC499001E8BBF /* Base */ = {isa = PBXFileReference; lastKnownFileType = file.xib; name = Base; path = Base.lproj/LaunchScreen.xib; sourceTree = "<group>"; };
		B3B1D5C619EEC499001E8BBF /* PancakesTests.xctest */ = {isa = PBXFileReference; explicitFileType = wrapper.cfbundle; includeInIndex = 0; path = PancakesTests.xctest; sourceTree = BUILT_PRODUCTS_DIR; };
		B3B1D5CB19EEC499001E8BBF /* Info.plist */ = {isa = PBXFileReference; lastKnownFileType = text.plist.xml; path = Info.plist; sourceTree = "<group>"; };
		B3B1D5CC19EEC499001E8BBF /* PancakesTests.m */ = {isa = PBXFileReference; lastKnownFileType = sourcecode.c.objc; path = PancakesTests.m; sourceTree = "<group>"; };
/* End PBXFileReference section */

/* Begin PBXFrameworksBuildPhase section */
		B3B1D5AA19EEC498001E8BBF /* Frameworks */ = {
			isa = PBXFrameworksBuildPhase;
			buildActionMask = 2147483647;
			files = (
			);
			runOnlyForDeploymentPostprocessing = 0;
		};
		B3B1D5C319EEC499001E8BBF /* Frameworks */ = {
			isa = PBXFrameworksBuildPhase;
			buildActionMask = 2147483647;
			files = (
			);
			runOnlyForDeploymentPostprocessing = 0;
		};
/* End PBXFrameworksBuildPhase section */

/* Begin PBXGroup section */
		B38554E319F11B0800AB8459 /* Controllers */ = {
			isa = PBXGroup;
			children = (
				B38554E419F11B2E00AB8459 /* ChooseThemesViewController.h */,
				B38554E519F11B2E00AB8459 /* ChooseThemesViewController.m */,
				B38F09BC19F13CB10013B920 /* ArticleViewController.h */,
				B38F09BD19F13CB10013B920 /* ArticleViewController.m */,
			);
			name = Controllers;
			sourceTree = "<group>";
		};
		B38F09BF19F13EDF0013B920 /* Models */ = {
			isa = PBXGroup;
			children = (
				B39BC7FA19F2847600277370 /* Block.h */,
				B39BC7FB19F2847600277370 /* Block.m */,
				B39BC7FC19F2847600277370 /* BlockType.h */,
				B39BC7FD19F2847600277370 /* BlockType.m */,
				B39BC7FE19F2847600277370 /* Comment.h */,
				B39BC7FF19F2847600277370 /* Comment.m */,
				B39BC80019F2847600277370 /* User.h */,
				B39BC80119F2847600277370 /* User.m */,
				B38F09C019F13EEE0013B920 /* Article.h */,
				B38F09C119F13EEE0013B920 /* Article.m */,
			);
			name = Models;
			sourceTree = "<group>";
		};
		B39BC82A19F284B600277370 /* JSONModel */ = {
			isa = PBXGroup;
			children = (
				B39BC82B19F284B600277370 /* JSONModel */,
				B39BC83419F284B600277370 /* JSONModelCategories */,
				B39BC83719F284B600277370 /* JSONModelLib.h */,
				B39BC83819F284B600277370 /* JSONModelNetworking */,
				B39BC83F19F284B600277370 /* JSONModelTransformations */,
			);
			path = JSONModel;
			sourceTree = "<group>";
		};
		B39BC82B19F284B600277370 /* JSONModel */ = {
			isa = PBXGroup;
			children = (
				B39BC82C19F284B600277370 /* JSONModel.h */,
				B39BC82D19F284B600277370 /* JSONModel.m */,
				B39BC82E19F284B600277370 /* JSONModelArray.h */,
				B39BC82F19F284B600277370 /* JSONModelArray.m */,
				B39BC83019F284B600277370 /* JSONModelClassProperty.h */,
				B39BC83119F284B600277370 /* JSONModelClassProperty.m */,
				B39BC83219F284B600277370 /* JSONModelError.h */,
				B39BC83319F284B600277370 /* JSONModelError.m */,
			);
			path = JSONModel;
			sourceTree = "<group>";
		};
		B39BC83419F284B600277370 /* JSONModelCategories */ = {
			isa = PBXGroup;
			children = (
				B39BC83519F284B600277370 /* NSArray+JSONModel.h */,
				B39BC83619F284B600277370 /* NSArray+JSONModel.m */,
			);
			path = JSONModelCategories;
			sourceTree = "<group>";
		};
		B39BC83819F284B600277370 /* JSONModelNetworking */ = {
			isa = PBXGroup;
			children = (
				B39BC83919F284B600277370 /* JSONAPI.h */,
				B39BC83A19F284B600277370 /* JSONAPI.m */,
				B39BC83B19F284B600277370 /* JSONHTTPClient.h */,
				B39BC83C19F284B600277370 /* JSONHTTPClient.m */,
				B39BC83D19F284B600277370 /* JSONModel+networking.h */,
				B39BC83E19F284B600277370 /* JSONModel+networking.m */,
			);
			path = JSONModelNetworking;
			sourceTree = "<group>";
		};
		B39BC83F19F284B600277370 /* JSONModelTransformations */ = {
			isa = PBXGroup;
			children = (
				B39BC84019F284B600277370 /* JSONKeyMapper.h */,
				B39BC84119F284B600277370 /* JSONKeyMapper.m */,
				B39BC84219F284B600277370 /* JSONValueTransformer.h */,
				B39BC84319F284B600277370 /* JSONValueTransformer.m */,
			);
			path = JSONModelTransformations;
			sourceTree = "<group>";
		};
		B3B1D5A419EEC498001E8BBF = {
			isa = PBXGroup;
			children = (
				B39BC82A19F284B600277370 /* JSONModel */,
				73B33A6919F13D6000BFB546 /* PodFile */,
				73B33A6A19F13D6000BFB546 /* TemplateIcon2x.png */,
				B3B1D5AF19EEC499001E8BBF /* Pancakes */,
				B3B1D5C919EEC499001E8BBF /* PancakesTests */,
				B3B1D5AE19EEC499001E8BBF /* Products */,
			);
			sourceTree = "<group>";
		};
		B3B1D5AE19EEC499001E8BBF /* Products */ = {
			isa = PBXGroup;
			children = (
				B3B1D5AD19EEC499001E8BBF /* Pancakes.app */,
				B3B1D5C619EEC499001E8BBF /* PancakesTests.xctest */,
			);
			name = Products;
			sourceTree = "<group>";
		};
		B3B1D5AF19EEC499001E8BBF /* Pancakes */ = {
			isa = PBXGroup;
			children = (
				B38F09BF19F13EDF0013B920 /* Models */,
				B38554E319F11B0800AB8459 /* Controllers */,
				B3B1D5B419EEC499001E8BBF /* AppDelegate.h */,
				B3B1D5B519EEC499001E8BBF /* AppDelegate.m */,
				B3B1D5BA19EEC499001E8BBF /* Main.storyboard */,
				B3B1D5BD19EEC499001E8BBF /* Images.xcassets */,
				B3B1D5BF19EEC499001E8BBF /* LaunchScreen.xib */,
				B3B1D5B019EEC499001E8BBF /* Supporting Files */,
			);
			path = Pancakes;
			sourceTree = "<group>";
		};
		B3B1D5B019EEC499001E8BBF /* Supporting Files */ = {
			isa = PBXGroup;
			children = (
				B3B1D5B119EEC499001E8BBF /* Info.plist */,
				B3B1D5B219EEC499001E8BBF /* main.m */,
			);
			name = "Supporting Files";
			sourceTree = "<group>";
		};
		B3B1D5C919EEC499001E8BBF /* PancakesTests */ = {
			isa = PBXGroup;
			children = (
				B3B1D5CC19EEC499001E8BBF /* PancakesTests.m */,
				B3B1D5CA19EEC499001E8BBF /* Supporting Files */,
			);
			path = PancakesTests;
			sourceTree = "<group>";
		};
		B3B1D5CA19EEC499001E8BBF /* Supporting Files */ = {
			isa = PBXGroup;
			children = (
				B3B1D5CB19EEC499001E8BBF /* Info.plist */,
			);
			name = "Supporting Files";
			sourceTree = "<group>";
		};
/* End PBXGroup section */

/* Begin PBXNativeTarget section */
		B3B1D5AC19EEC498001E8BBF /* Pancakes */ = {
			isa = PBXNativeTarget;
			buildConfigurationList = B3B1D5D019EEC499001E8BBF /* Build configuration list for PBXNativeTarget "Pancakes" */;
			buildPhases = (
				B3B1D5A919EEC498001E8BBF /* Sources */,
				B3B1D5AA19EEC498001E8BBF /* Frameworks */,
				B3B1D5AB19EEC498001E8BBF /* Resources */,
			);
			buildRules = (
			);
			dependencies = (
			);
			name = Pancakes;
			productName = Pancakes;
			productReference = B3B1D5AD19EEC499001E8BBF /* Pancakes.app */;
			productType = "com.apple.product-type.application";
		};
		B3B1D5C519EEC499001E8BBF /* PancakesTests */ = {
			isa = PBXNativeTarget;
			buildConfigurationList = B3B1D5D319EEC499001E8BBF /* Build configuration list for PBXNativeTarget "PancakesTests" */;
			buildPhases = (
				B3B1D5C219EEC499001E8BBF /* Sources */,
				B3B1D5C319EEC499001E8BBF /* Frameworks */,
				B3B1D5C419EEC499001E8BBF /* Resources */,
			);
			buildRules = (
			);
			dependencies = (
				B3B1D5C819EEC499001E8BBF /* PBXTargetDependency */,
			);
			name = PancakesTests;
			productName = PancakesTests;
			productReference = B3B1D5C619EEC499001E8BBF /* PancakesTests.xctest */;
			productType = "com.apple.product-type.bundle.unit-test";
		};
/* End PBXNativeTarget section */

/* Begin PBXProject section */
		B3B1D5A519EEC498001E8BBF /* Project object */ = {
			isa = PBXProject;
			attributes = {
				LastUpgradeCheck = 0600;
				ORGANIZATIONNAME = Gobelins;
				TargetAttributes = {
					B3B1D5AC19EEC498001E8BBF = {
						CreatedOnToolsVersion = 6.0.1;
					};
					B3B1D5C519EEC499001E8BBF = {
						CreatedOnToolsVersion = 6.0.1;
						TestTargetID = B3B1D5AC19EEC498001E8BBF;
					};
				};
			};
			buildConfigurationList = B3B1D5A819EEC498001E8BBF /* Build configuration list for PBXProject "Pancakes" */;
			compatibilityVersion = "Xcode 3.2";
			developmentRegion = English;
			hasScannedForEncodings = 0;
			knownRegions = (
				en,
				Base,
			);
			mainGroup = B3B1D5A419EEC498001E8BBF;
			productRefGroup = B3B1D5AE19EEC499001E8BBF /* Products */;
			projectDirPath = "";
			projectRoot = "";
			targets = (
				B3B1D5AC19EEC498001E8BBF /* Pancakes */,
				B3B1D5C519EEC499001E8BBF /* PancakesTests */,
			);
		};
/* End PBXProject section */

/* Begin PBXResourcesBuildPhase section */
		B3B1D5AB19EEC498001E8BBF /* Resources */ = {
			isa = PBXResourcesBuildPhase;
			buildActionMask = 2147483647;
			files = (
				73B33A6C19F13D6000BFB546 /* TemplateIcon2x.png in Resources */,
				B3B1D5BC19EEC499001E8BBF /* Main.storyboard in Resources */,
				B3B1D5C119EEC499001E8BBF /* LaunchScreen.xib in Resources */,
				73B33A6B19F13D6000BFB546 /* PodFile in Resources */,
				B3B1D5BE19EEC499001E8BBF /* Images.xcassets in Resources */,
			);
			runOnlyForDeploymentPostprocessing = 0;
		};
		B3B1D5C419EEC499001E8BBF /* Resources */ = {
			isa = PBXResourcesBuildPhase;
			buildActionMask = 2147483647;
			files = (
			);
			runOnlyForDeploymentPostprocessing = 0;
		};
/* End PBXResourcesBuildPhase section */

/* Begin PBXSourcesBuildPhase section */
		B3B1D5A919EEC498001E8BBF /* Sources */ = {
			isa = PBXSourcesBuildPhase;
			buildActionMask = 2147483647;
			files = (
				B38F09C219F13EEE0013B920 /* Article.m in Sources */,
				B38554E619F11B2E00AB8459 /* ChooseThemesViewController.m in Sources */,
				B39BC84B19F284B600277370 /* JSONModel+networking.m in Sources */,
				B39BC80519F2847600277370 /* User.m in Sources */,
				B38F09BE19F13CB10013B920 /* ArticleViewController.m in Sources */,
				B39BC84A19F284B600277370 /* JSONHTTPClient.m in Sources */,
				B39BC80219F2847600277370 /* Block.m in Sources */,
				B39BC84619F284B600277370 /* JSONModelClassProperty.m in Sources */,
				B39BC84D19F284B600277370 /* JSONValueTransformer.m in Sources */,
				B3B1D5B619EEC499001E8BBF /* AppDelegate.m in Sources */,
				B39BC80319F2847600277370 /* BlockType.m in Sources */,
				B39BC84919F284B600277370 /* JSONAPI.m in Sources */,
				B39BC84819F284B600277370 /* NSArray+JSONModel.m in Sources */,
				B39BC84C19F284B600277370 /* JSONKeyMapper.m in Sources */,
				B3B1D5B319EEC499001E8BBF /* main.m in Sources */,
				B39BC80419F2847600277370 /* Comment.m in Sources */,
				B39BC84719F284B600277370 /* JSONModelError.m in Sources */,
				B39BC84419F284B600277370 /* JSONModel.m in Sources */,
				B39BC84519F284B600277370 /* JSONModelArray.m in Sources */,
			);
			runOnlyForDeploymentPostprocessing = 0;
		};
		B3B1D5C219EEC499001E8BBF /* Sources */ = {
			isa = PBXSourcesBuildPhase;
			buildActionMask = 2147483647;
			files = (
				B3B1D5CD19EEC499001E8BBF /* PancakesTests.m in Sources */,
			);
			runOnlyForDeploymentPostprocessing = 0;
		};
/* End PBXSourcesBuildPhase section */

/* Begin PBXTargetDependency section */
		B3B1D5C819EEC499001E8BBF /* PBXTargetDependency */ = {
			isa = PBXTargetDependency;
			target = B3B1D5AC19EEC498001E8BBF /* Pancakes */;
			targetProxy = B3B1D5C719EEC499001E8BBF /* PBXContainerItemProxy */;
		};
/* End PBXTargetDependency section */

/* Begin PBXVariantGroup section */
		B3B1D5BA19EEC499001E8BBF /* Main.storyboard */ = {
			isa = PBXVariantGroup;
			children = (
				B3B1D5BB19EEC499001E8BBF /* Base */,
			);
			name = Main.storyboard;
			sourceTree = "<group>";
		};
		B3B1D5BF19EEC499001E8BBF /* LaunchScreen.xib */ = {
			isa = PBXVariantGroup;
			children = (
				B3B1D5C019EEC499001E8BBF /* Base */,
			);
			name = LaunchScreen.xib;
			sourceTree = "<group>";
		};
/* End PBXVariantGroup section */

/* Begin XCBuildConfiguration section */
		B3B1D5CE19EEC499001E8BBF /* Debug */ = {
			isa = XCBuildConfiguration;
			buildSettings = {
				ALWAYS_SEARCH_USER_PATHS = NO;
				CLANG_CXX_LANGUAGE_STANDARD = "gnu++0x";
				CLANG_CXX_LIBRARY = "libc++";
				CLANG_ENABLE_MODULES = YES;
				CLANG_ENABLE_OBJC_ARC = YES;
				CLANG_WARN_BOOL_CONVERSION = YES;
				CLANG_WARN_CONSTANT_CONVERSION = YES;
				CLANG_WARN_DIRECT_OBJC_ISA_USAGE = YES_ERROR;
				CLANG_WARN_EMPTY_BODY = YES;
				CLANG_WARN_ENUM_CONVERSION = YES;
				CLANG_WARN_INT_CONVERSION = YES;
				CLANG_WARN_OBJC_ROOT_CLASS = YES_ERROR;
				CLANG_WARN_UNREACHABLE_CODE = YES;
				CLANG_WARN__DUPLICATE_METHOD_MATCH = YES;
				"CODE_SIGN_IDENTITY[sdk=iphoneos*]" = "iPhone Developer";
				COPY_PHASE_STRIP = NO;
				ENABLE_STRICT_OBJC_MSGSEND = YES;
				GCC_C_LANGUAGE_STANDARD = gnu99;
				GCC_DYNAMIC_NO_PIC = NO;
				GCC_OPTIMIZATION_LEVEL = 0;
				GCC_PREPROCESSOR_DEFINITIONS = (
					"DEBUG=1",
					"$(inherited)",
				);
				GCC_SYMBOLS_PRIVATE_EXTERN = NO;
				GCC_WARN_64_TO_32_BIT_CONVERSION = YES;
				GCC_WARN_ABOUT_RETURN_TYPE = YES_ERROR;
				GCC_WARN_UNDECLARED_SELECTOR = YES;
				GCC_WARN_UNINITIALIZED_AUTOS = YES_AGGRESSIVE;
				GCC_WARN_UNUSED_FUNCTION = YES;
				GCC_WARN_UNUSED_VARIABLE = YES;
				IPHONEOS_DEPLOYMENT_TARGET = 8.0;
				MTL_ENABLE_DEBUG_INFO = YES;
				ONLY_ACTIVE_ARCH = YES;
				SDKROOT = iphoneos;
			};
			name = Debug;
		};
		B3B1D5CF19EEC499001E8BBF /* Release */ = {
			isa = XCBuildConfiguration;
			buildSettings = {
				ALWAYS_SEARCH_USER_PATHS = NO;
				CLANG_CXX_LANGUAGE_STANDARD = "gnu++0x";
				CLANG_CXX_LIBRARY = "libc++";
				CLANG_ENABLE_MODULES = YES;
				CLANG_ENABLE_OBJC_ARC = YES;
				CLANG_WARN_BOOL_CONVERSION = YES;
				CLANG_WARN_CONSTANT_CONVERSION = YES;
				CLANG_WARN_DIRECT_OBJC_ISA_USAGE = YES_ERROR;
				CLANG_WARN_EMPTY_BODY = YES;
				CLANG_WARN_ENUM_CONVERSION = YES;
				CLANG_WARN_INT_CONVERSION = YES;
				CLANG_WARN_OBJC_ROOT_CLASS = YES_ERROR;
				CLANG_WARN_UNREACHABLE_CODE = YES;
				CLANG_WARN__DUPLICATE_METHOD_MATCH = YES;
				"CODE_SIGN_IDENTITY[sdk=iphoneos*]" = "iPhone Developer";
				COPY_PHASE_STRIP = YES;
				ENABLE_NS_ASSERTIONS = NO;
				ENABLE_STRICT_OBJC_MSGSEND = YES;
				GCC_C_LANGUAGE_STANDARD = gnu99;
				GCC_WARN_64_TO_32_BIT_CONVERSION = YES;
				GCC_WARN_ABOUT_RETURN_TYPE = YES_ERROR;
				GCC_WARN_UNDECLARED_SELECTOR = YES;
				GCC_WARN_UNINITIALIZED_AUTOS = YES_AGGRESSIVE;
				GCC_WARN_UNUSED_FUNCTION = YES;
				GCC_WARN_UNUSED_VARIABLE = YES;
				IPHONEOS_DEPLOYMENT_TARGET = 8.0;
				MTL_ENABLE_DEBUG_INFO = NO;
				SDKROOT = iphoneos;
				VALIDATE_PRODUCT = YES;
			};
			name = Release;
		};
		B3B1D5D119EEC499001E8BBF /* Debug */ = {
			isa = XCBuildConfiguration;
			buildSettings = {
				ASSETCATALOG_COMPILER_APPICON_NAME = AppIcon;
				INFOPLIST_FILE = Pancakes/Info.plist;
				IPHONEOS_DEPLOYMENT_TARGET = 8.0;
				LD_RUNPATH_SEARCH_PATHS = "$(inherited) @executable_path/Frameworks";
				PRODUCT_NAME = "$(TARGET_NAME)";
			};
			name = Debug;
		};
		B3B1D5D219EEC499001E8BBF /* Release */ = {
			isa = XCBuildConfiguration;
			buildSettings = {
				ASSETCATALOG_COMPILER_APPICON_NAME = AppIcon;
				INFOPLIST_FILE = Pancakes/Info.plist;
				IPHONEOS_DEPLOYMENT_TARGET = 8.0;
				LD_RUNPATH_SEARCH_PATHS = "$(inherited) @executable_path/Frameworks";
				PRODUCT_NAME = "$(TARGET_NAME)";
			};
			name = Release;
		};
		B3B1D5D419EEC499001E8BBF /* Debug */ = {
			isa = XCBuildConfiguration;
			buildSettings = {
				BUNDLE_LOADER = "$(TEST_HOST)";
				FRAMEWORK_SEARCH_PATHS = (
					"$(SDKROOT)/Developer/Library/Frameworks",
					"$(inherited)",
				);
				GCC_PREPROCESSOR_DEFINITIONS = (
					"DEBUG=1",
					"$(inherited)",
				);
				INFOPLIST_FILE = PancakesTests/Info.plist;
				LD_RUNPATH_SEARCH_PATHS = "$(inherited) @executable_path/Frameworks @loader_path/Frameworks";
				PRODUCT_NAME = "$(TARGET_NAME)";
				TEST_HOST = "$(BUILT_PRODUCTS_DIR)/Pancakes.app/Pancakes";
			};
			name = Debug;
		};
		B3B1D5D519EEC499001E8BBF /* Release */ = {
			isa = XCBuildConfiguration;
			buildSettings = {
				BUNDLE_LOADER = "$(TEST_HOST)";
				FRAMEWORK_SEARCH_PATHS = (
					"$(SDKROOT)/Developer/Library/Frameworks",
					"$(inherited)",
				);
				INFOPLIST_FILE = PancakesTests/Info.plist;
				LD_RUNPATH_SEARCH_PATHS = "$(inherited) @executable_path/Frameworks @loader_path/Frameworks";
				PRODUCT_NAME = "$(TARGET_NAME)";
				TEST_HOST = "$(BUILT_PRODUCTS_DIR)/Pancakes.app/Pancakes";
			};
			name = Release;
		};
/* End XCBuildConfiguration section */

/* Begin XCConfigurationList section */
		B3B1D5A819EEC498001E8BBF /* Build configuration list for PBXProject "Pancakes" */ = {
			isa = XCConfigurationList;
			buildConfigurations = (
				B3B1D5CE19EEC499001E8BBF /* Debug */,
				B3B1D5CF19EEC499001E8BBF /* Release */,
			);
			defaultConfigurationIsVisible = 0;
			defaultConfigurationName = Release;
		};
		B3B1D5D019EEC499001E8BBF /* Build configuration list for PBXNativeTarget "Pancakes" */ = {
			isa = XCConfigurationList;
			buildConfigurations = (
				B3B1D5D119EEC499001E8BBF /* Debug */,
				B3B1D5D219EEC499001E8BBF /* Release */,
			);
			defaultConfigurationIsVisible = 0;
			defaultConfigurationName = Release;
		};
		B3B1D5D319EEC499001E8BBF /* Build configuration list for PBXNativeTarget "PancakesTests" */ = {
			isa = XCConfigurationList;
			buildConfigurations = (
				B3B1D5D419EEC499001E8BBF /* Debug */,
				B3B1D5D519EEC499001E8BBF /* Release */,
			);
			defaultConfigurationIsVisible = 0;
			defaultConfigurationName = Release;
		};
/* End XCConfigurationList section */
	};
	rootObject = B3B1D5A519EEC498001E8BBF /* Project object */;
}
