<?xml version="1.0" encoding="UTF-8"?>
<!DOCTYPE plist PUBLIC "-//Apple//DTD PLIST 1.0//EN" "http://www.apple.com/DTDs/PropertyList-1.0.dtd">
<plist version="1.0">
<dict>
	<key>archiveVersion</key>
	<string>1</string>
	<key>classes</key>
	<dict/>
	<key>objectVersion</key>
	<string>46</string>
	<key>objects</key>
	<dict>
		<key>25D738D955411A703F52C406</key>
		<dict>
			<key>fileRef</key>
			<string>924EC56249BB21E39D5D93BB</string>
			<key>isa</key>
			<string>PBXBuildFile</string>
		</dict>
		<key>350E046FF2281BACA6E6CE33</key>
		<dict>
			<key>includeInIndex</key>
			<string>1</string>
			<key>isa</key>
			<string>PBXFileReference</string>
			<key>lastKnownFileType</key>
			<string>text.xcconfig</string>
			<key>name</key>
			<string>Pods-Pancakes.debug.xcconfig</string>
			<key>path</key>
			<string>Pods/Target Support Files/Pods-Pancakes/Pods-Pancakes.debug.xcconfig</string>
			<key>sourceTree</key>
			<string>&lt;group&gt;</string>
		</dict>
		<key>39615222AF1BB60813B8A01E</key>
		<dict>
			<key>children</key>
			<array>
				<string>9407447283D9666076675468</string>
				<string>924EC56249BB21E39D5D93BB</string>
			</array>
			<key>isa</key>
			<string>PBXGroup</string>
			<key>name</key>
			<string>Frameworks</string>
			<key>sourceTree</key>
			<string>&lt;group&gt;</string>
		</dict>
		<key>42B20EF52E03ABE6D2BDA115</key>
		<dict>
			<key>buildActionMask</key>
			<string>2147483647</string>
			<key>files</key>
			<array/>
			<key>inputPaths</key>
			<array/>
			<key>isa</key>
			<string>PBXShellScriptBuildPhase</string>
			<key>name</key>
			<string>Copy Pods Resources</string>
			<key>outputPaths</key>
			<array/>
			<key>runOnlyForDeploymentPostprocessing</key>
			<string>0</string>
			<key>shellPath</key>
			<string>/bin/sh</string>
			<key>shellScript</key>
			<string>"${SRCROOT}/Pods/Target Support Files/Pods-Pancakes/Pods-Pancakes-resources.sh"
</string>
			<key>showEnvVarsInLog</key>
			<string>0</string>
		</dict>
		<key>58216529F6A22814FC15622B</key>
		<dict>
			<key>buildActionMask</key>
			<string>2147483647</string>
			<key>files</key>
			<array/>
			<key>inputPaths</key>
			<array/>
			<key>isa</key>
			<string>PBXShellScriptBuildPhase</string>
			<key>name</key>
			<string>Check Pods Manifest.lock</string>
			<key>outputPaths</key>
			<array/>
			<key>runOnlyForDeploymentPostprocessing</key>
			<string>0</string>
			<key>shellPath</key>
			<string>/bin/sh</string>
			<key>shellScript</key>
			<string>diff "${PODS_ROOT}/../Podfile.lock" "${PODS_ROOT}/Manifest.lock" &gt; /dev/null
if [[ $? != 0 ]] ; then
    cat &lt;&lt; EOM
error: The sandbox is not in sync with the Podfile.lock. Run 'pod install' or update your CocoaPods installation.
EOM
    exit 1
fi
</string>
			<key>showEnvVarsInLog</key>
			<string>0</string>
		</dict>
		<key>73B33A6919F13D6000BFB546</key>
		<dict>
			<key>fileEncoding</key>
			<string>4</string>
			<key>isa</key>
			<string>PBXFileReference</string>
			<key>lastKnownFileType</key>
			<string>text</string>
			<key>path</key>
			<string>PodFile</string>
			<key>sourceTree</key>
			<string>&lt;group&gt;</string>
			<key>xcLanguageSpecificationIdentifier</key>
			<string>xcode.lang.ruby</string>
		</dict>
		<key>73B33A6A19F13D6000BFB546</key>
		<dict>
			<key>isa</key>
			<string>PBXFileReference</string>
			<key>lastKnownFileType</key>
			<string>image.png</string>
			<key>path</key>
			<string>TemplateIcon2x.png</string>
			<key>sourceTree</key>
			<string>&lt;group&gt;</string>
		</dict>
		<key>73B33A6B19F13D6000BFB546</key>
		<dict>
			<key>fileRef</key>
			<string>73B33A6919F13D6000BFB546</string>
			<key>isa</key>
			<string>PBXBuildFile</string>
		</dict>
		<key>73B33A6C19F13D6000BFB546</key>
		<dict>
			<key>fileRef</key>
			<string>73B33A6A19F13D6000BFB546</string>
			<key>isa</key>
			<string>PBXBuildFile</string>
		</dict>
		<key>73B33A6D19F15AD600BFB546</key>
		<dict>
			<key>children</key>
			<array>
				<string>B375C0C619F46B4F002D7AE7</string>
				<string>73B33A7019F15CC600BFB546</string>
				<string>73B33A7219F15DB700BFB546</string>
				<string>73B33A7319F15DB700BFB546</string>
			</array>
			<key>isa</key>
			<string>PBXGroup</string>
			<key>name</key>
			<string>Views</string>
			<key>sourceTree</key>
			<string>&lt;group&gt;</string>
		</dict>
		<key>73B33A7019F15CC600BFB546</key>
		<dict>
			<key>fileEncoding</key>
			<string>4</string>
			<key>isa</key>
			<string>PBXFileReference</string>
			<key>lastKnownFileType</key>
			<string>file.xib</string>
			<key>path</key>
			<string>UIThemeView.xib</string>
			<key>sourceTree</key>
			<string>&lt;group&gt;</string>
		</dict>
		<key>73B33A7119F15CC600BFB546</key>
		<dict>
			<key>fileRef</key>
			<string>73B33A7019F15CC600BFB546</string>
			<key>isa</key>
			<string>PBXBuildFile</string>
		</dict>
		<key>73B33A7219F15DB700BFB546</key>
		<dict>
			<key>fileEncoding</key>
			<string>4</string>
			<key>isa</key>
			<string>PBXFileReference</string>
			<key>lastKnownFileType</key>
			<string>sourcecode.c.h</string>
			<key>path</key>
			<string>UIThemeView.h</string>
			<key>sourceTree</key>
			<string>&lt;group&gt;</string>
		</dict>
		<key>73B33A7319F15DB700BFB546</key>
		<dict>
			<key>fileEncoding</key>
			<string>4</string>
			<key>isa</key>
			<string>PBXFileReference</string>
			<key>lastKnownFileType</key>
			<string>sourcecode.c.objc</string>
			<key>path</key>
			<string>UIThemeView.m</string>
			<key>sourceTree</key>
			<string>&lt;group&gt;</string>
		</dict>
		<key>73B33A7419F15DB700BFB546</key>
		<dict>
			<key>fileRef</key>
			<string>73B33A7319F15DB700BFB546</string>
			<key>isa</key>
			<string>PBXBuildFile</string>
		</dict>
		<key>924EC56249BB21E39D5D93BB</key>
		<dict>
			<key>explicitFileType</key>
			<string>archive.ar</string>
			<key>includeInIndex</key>
			<string>0</string>
			<key>isa</key>
			<string>PBXFileReference</string>
			<key>path</key>
			<string>libPods.a</string>
			<key>sourceTree</key>
			<string>BUILT_PRODUCTS_DIR</string>
		</dict>
		<key>9407447283D9666076675468</key>
		<dict>
			<key>explicitFileType</key>
			<string>archive.ar</string>
			<key>includeInIndex</key>
			<string>0</string>
			<key>isa</key>
			<string>PBXFileReference</string>
			<key>path</key>
			<string>libPods-Pancakes.a</string>
			<key>sourceTree</key>
			<string>BUILT_PRODUCTS_DIR</string>
		</dict>
		<key>B375C0C619F46B4F002D7AE7</key>
		<dict>
			<key>children</key>
			<array>
				<string>B375C0C719F46B6A002D7AE7</string>
				<string>B375C0C819F46B6A002D7AE7</string>
			</array>
			<key>isa</key>
			<string>PBXGroup</string>
			<key>name</key>
			<string>Blocks</string>
			<key>sourceTree</key>
			<string>&lt;group&gt;</string>
		</dict>
		<key>B375C0C719F46B6A002D7AE7</key>
		<dict>
			<key>fileEncoding</key>
			<string>4</string>
			<key>isa</key>
			<string>PBXFileReference</string>
			<key>lastKnownFileType</key>
			<string>sourcecode.c.h</string>
			<key>path</key>
			<string>GenericBlockCell.h</string>
			<key>sourceTree</key>
			<string>&lt;group&gt;</string>
		</dict>
		<key>B375C0C819F46B6A002D7AE7</key>
		<dict>
			<key>fileEncoding</key>
			<string>4</string>
			<key>isa</key>
			<string>PBXFileReference</string>
			<key>lastKnownFileType</key>
			<string>sourcecode.c.objc</string>
			<key>path</key>
			<string>GenericBlockCell.m</string>
			<key>sourceTree</key>
			<string>&lt;group&gt;</string>
		</dict>
		<key>B375C0C919F46B6B002D7AE7</key>
		<dict>
			<key>fileRef</key>
			<string>B375C0C819F46B6A002D7AE7</string>
			<key>isa</key>
			<string>PBXBuildFile</string>
		</dict>
		<key>B375C0CA19F4704D002D7AE7</key>
		<dict>
			<key>children</key>
			<array>
				<string>B375C0CB19F47069002D7AE7</string>
				<string>B375C0CC19F47069002D7AE7</string>
			</array>
			<key>isa</key>
			<string>PBXGroup</string>
			<key>name</key>
			<string>Services</string>
			<key>sourceTree</key>
			<string>&lt;group&gt;</string>
		</dict>
		<key>B375C0CB19F47069002D7AE7</key>
		<dict>
			<key>fileEncoding</key>
			<string>4</string>
			<key>isa</key>
			<string>PBXFileReference</string>
			<key>lastKnownFileType</key>
			<string>sourcecode.c.h</string>
			<key>path</key>
			<string>ContentParser.h</string>
			<key>sourceTree</key>
			<string>&lt;group&gt;</string>
		</dict>
		<key>B375C0CC19F47069002D7AE7</key>
		<dict>
			<key>fileEncoding</key>
			<string>4</string>
			<key>isa</key>
			<string>PBXFileReference</string>
			<key>lastKnownFileType</key>
			<string>sourcecode.c.objc</string>
			<key>path</key>
			<string>ContentParser.m</string>
			<key>sourceTree</key>
			<string>&lt;group&gt;</string>
		</dict>
		<key>B375C0CD19F47069002D7AE7</key>
		<dict>
			<key>fileRef</key>
			<string>B375C0CC19F47069002D7AE7</string>
			<key>isa</key>
			<string>PBXBuildFile</string>
		</dict>
		<key>B38554E319F11B0800AB8459</key>
		<dict>
			<key>children</key>
			<array>
				<string>B38554E419F11B2E00AB8459</string>
				<string>B38554E519F11B2E00AB8459</string>
				<string>B38F09BC19F13CB10013B920</string>
				<string>B38F09BD19F13CB10013B920</string>
			</array>
			<key>isa</key>
			<string>PBXGroup</string>
			<key>name</key>
			<string>Controllers</string>
			<key>sourceTree</key>
			<string>&lt;group&gt;</string>
		</dict>
		<key>B38554E419F11B2E00AB8459</key>
		<dict>
			<key>fileEncoding</key>
			<string>4</string>
			<key>isa</key>
			<string>PBXFileReference</string>
			<key>lastKnownFileType</key>
			<string>sourcecode.c.h</string>
			<key>path</key>
			<string>ChooseThemesViewController.h</string>
			<key>sourceTree</key>
			<string>&lt;group&gt;</string>
		</dict>
		<key>B38554E519F11B2E00AB8459</key>
		<dict>
			<key>fileEncoding</key>
			<string>4</string>
			<key>isa</key>
			<string>PBXFileReference</string>
			<key>lastKnownFileType</key>
			<string>sourcecode.c.objc</string>
			<key>path</key>
			<string>ChooseThemesViewController.m</string>
			<key>sourceTree</key>
			<string>&lt;group&gt;</string>
		</dict>
		<key>B38554E619F11B2E00AB8459</key>
		<dict>
			<key>fileRef</key>
			<string>B38554E519F11B2E00AB8459</string>
			<key>isa</key>
			<string>PBXBuildFile</string>
		</dict>
		<key>B38F09BC19F13CB10013B920</key>
		<dict>
			<key>fileEncoding</key>
			<string>4</string>
			<key>isa</key>
			<string>PBXFileReference</string>
			<key>lastKnownFileType</key>
			<string>sourcecode.c.h</string>
			<key>path</key>
			<string>ArticleViewController.h</string>
			<key>sourceTree</key>
			<string>&lt;group&gt;</string>
		</dict>
		<key>B38F09BD19F13CB10013B920</key>
		<dict>
			<key>fileEncoding</key>
			<string>4</string>
			<key>isa</key>
			<string>PBXFileReference</string>
			<key>lastKnownFileType</key>
			<string>sourcecode.c.objc</string>
			<key>path</key>
			<string>ArticleViewController.m</string>
			<key>sourceTree</key>
			<string>&lt;group&gt;</string>
		</dict>
		<key>B38F09BE19F13CB10013B920</key>
		<dict>
			<key>fileRef</key>
			<string>B38F09BD19F13CB10013B920</string>
			<key>isa</key>
			<string>PBXBuildFile</string>
		</dict>
		<key>B38F09BF19F13EDF0013B920</key>
		<dict>
			<key>children</key>
			<array>
				<string>B39BC7FA19F2847600277370</string>
				<string>B39BC7FB19F2847600277370</string>
				<string>B39BC7FC19F2847600277370</string>
				<string>B39BC7FD19F2847600277370</string>
				<string>B39BC7FE19F2847600277370</string>
				<string>B39BC7FF19F2847600277370</string>
				<string>B39BC80019F2847600277370</string>
				<string>B39BC80119F2847600277370</string>
				<string>B38F09C019F13EEE0013B920</string>
				<string>B38F09C119F13EEE0013B920</string>
			</array>
			<key>isa</key>
			<string>PBXGroup</string>
			<key>name</key>
			<string>Models</string>
			<key>sourceTree</key>
			<string>&lt;group&gt;</string>
		</dict>
		<key>B38F09C019F13EEE0013B920</key>
		<dict>
			<key>fileEncoding</key>
			<string>4</string>
			<key>isa</key>
			<string>PBXFileReference</string>
			<key>lastKnownFileType</key>
			<string>sourcecode.c.h</string>
			<key>path</key>
			<string>Article.h</string>
			<key>sourceTree</key>
			<string>&lt;group&gt;</string>
		</dict>
		<key>B38F09C119F13EEE0013B920</key>
		<dict>
			<key>fileEncoding</key>
			<string>4</string>
			<key>isa</key>
			<string>PBXFileReference</string>
			<key>lastKnownFileType</key>
			<string>sourcecode.c.objc</string>
			<key>path</key>
			<string>Article.m</string>
			<key>sourceTree</key>
			<string>&lt;group&gt;</string>
		</dict>
		<key>B38F09C219F13EEE0013B920</key>
		<dict>
			<key>fileRef</key>
			<string>B38F09C119F13EEE0013B920</string>
			<key>isa</key>
			<string>PBXBuildFile</string>
		</dict>
		<key>B39BC7FA19F2847600277370</key>
		<dict>
			<key>fileEncoding</key>
			<string>4</string>
			<key>isa</key>
			<string>PBXFileReference</string>
			<key>lastKnownFileType</key>
			<string>sourcecode.c.h</string>
			<key>path</key>
			<string>Block.h</string>
			<key>sourceTree</key>
			<string>&lt;group&gt;</string>
		</dict>
		<key>B39BC7FB19F2847600277370</key>
		<dict>
			<key>fileEncoding</key>
			<string>4</string>
			<key>isa</key>
			<string>PBXFileReference</string>
			<key>lastKnownFileType</key>
			<string>sourcecode.c.objc</string>
			<key>path</key>
			<string>Block.m</string>
			<key>sourceTree</key>
			<string>&lt;group&gt;</string>
		</dict>
		<key>B39BC7FC19F2847600277370</key>
		<dict>
			<key>fileEncoding</key>
			<string>4</string>
			<key>isa</key>
			<string>PBXFileReference</string>
			<key>lastKnownFileType</key>
			<string>sourcecode.c.h</string>
			<key>path</key>
			<string>BlockType.h</string>
			<key>sourceTree</key>
			<string>&lt;group&gt;</string>
		</dict>
		<key>B39BC7FD19F2847600277370</key>
		<dict>
			<key>fileEncoding</key>
			<string>4</string>
			<key>isa</key>
			<string>PBXFileReference</string>
			<key>lastKnownFileType</key>
			<string>sourcecode.c.objc</string>
			<key>path</key>
			<string>BlockType.m</string>
			<key>sourceTree</key>
			<string>&lt;group&gt;</string>
		</dict>
		<key>B39BC7FE19F2847600277370</key>
		<dict>
			<key>fileEncoding</key>
			<string>4</string>
			<key>isa</key>
			<string>PBXFileReference</string>
			<key>lastKnownFileType</key>
			<string>sourcecode.c.h</string>
			<key>path</key>
			<string>Comment.h</string>
			<key>sourceTree</key>
			<string>&lt;group&gt;</string>
		</dict>
		<key>B39BC7FF19F2847600277370</key>
		<dict>
			<key>fileEncoding</key>
			<string>4</string>
			<key>isa</key>
			<string>PBXFileReference</string>
			<key>lastKnownFileType</key>
			<string>sourcecode.c.objc</string>
			<key>path</key>
			<string>Comment.m</string>
			<key>sourceTree</key>
			<string>&lt;group&gt;</string>
		</dict>
		<key>B39BC80019F2847600277370</key>
		<dict>
			<key>fileEncoding</key>
			<string>4</string>
			<key>isa</key>
			<string>PBXFileReference</string>
			<key>lastKnownFileType</key>
			<string>sourcecode.c.h</string>
			<key>path</key>
			<string>User.h</string>
			<key>sourceTree</key>
			<string>&lt;group&gt;</string>
		</dict>
		<key>B39BC80119F2847600277370</key>
		<dict>
			<key>fileEncoding</key>
			<string>4</string>
			<key>isa</key>
			<string>PBXFileReference</string>
			<key>lastKnownFileType</key>
			<string>sourcecode.c.objc</string>
			<key>path</key>
			<string>User.m</string>
			<key>sourceTree</key>
			<string>&lt;group&gt;</string>
		</dict>
		<key>B39BC80219F2847600277370</key>
		<dict>
			<key>fileRef</key>
			<string>B39BC7FB19F2847600277370</string>
			<key>isa</key>
			<string>PBXBuildFile</string>
		</dict>
		<key>B39BC80319F2847600277370</key>
		<dict>
			<key>fileRef</key>
			<string>B39BC7FD19F2847600277370</string>
			<key>isa</key>
			<string>PBXBuildFile</string>
		</dict>
		<key>B39BC80419F2847600277370</key>
		<dict>
			<key>fileRef</key>
			<string>B39BC7FF19F2847600277370</string>
			<key>isa</key>
			<string>PBXBuildFile</string>
		</dict>
		<key>B39BC80519F2847600277370</key>
		<dict>
			<key>fileRef</key>
			<string>B39BC80119F2847600277370</string>
			<key>isa</key>
			<string>PBXBuildFile</string>
		</dict>
		<key>B3B1D5A419EEC498001E8BBF</key>
		<dict>
			<key>children</key>
			<array>
				<string>73B33A6919F13D6000BFB546</string>
				<string>73B33A6A19F13D6000BFB546</string>
				<string>B3B1D5AF19EEC499001E8BBF</string>
				<string>B3B1D5C919EEC499001E8BBF</string>
				<string>B3B1D5AE19EEC499001E8BBF</string>
				<string>EF8C83CFC8F3D0303706B267</string>
				<string>39615222AF1BB60813B8A01E</string>
			</array>
			<key>isa</key>
			<string>PBXGroup</string>
			<key>sourceTree</key>
			<string>&lt;group&gt;</string>
		</dict>
		<key>B3B1D5A519EEC498001E8BBF</key>
		<dict>
			<key>attributes</key>
			<dict>
				<key>LastUpgradeCheck</key>
				<string>0600</string>
				<key>ORGANIZATIONNAME</key>
				<string>Gobelins</string>
				<key>TargetAttributes</key>
				<dict>
					<key>B3B1D5AC19EEC498001E8BBF</key>
					<dict>
						<key>CreatedOnToolsVersion</key>
						<string>6.0.1</string>
					</dict>
					<key>B3B1D5C519EEC499001E8BBF</key>
					<dict>
						<key>CreatedOnToolsVersion</key>
						<string>6.0.1</string>
						<key>TestTargetID</key>
						<string>B3B1D5AC19EEC498001E8BBF</string>
					</dict>
				</dict>
			</dict>
			<key>buildConfigurationList</key>
			<string>B3B1D5A819EEC498001E8BBF</string>
			<key>compatibilityVersion</key>
			<string>Xcode 3.2</string>
			<key>developmentRegion</key>
			<string>English</string>
			<key>hasScannedForEncodings</key>
			<string>0</string>
			<key>isa</key>
			<string>PBXProject</string>
			<key>knownRegions</key>
			<array>
				<string>en</string>
				<string>Base</string>
			</array>
			<key>mainGroup</key>
			<string>B3B1D5A419EEC498001E8BBF</string>
			<key>productRefGroup</key>
			<string>B3B1D5AE19EEC499001E8BBF</string>
			<key>projectDirPath</key>
			<string></string>
			<key>projectReferences</key>
			<array/>
			<key>projectRoot</key>
			<string></string>
			<key>targets</key>
			<array>
				<string>B3B1D5AC19EEC498001E8BBF</string>
				<string>B3B1D5C519EEC499001E8BBF</string>
			</array>
		</dict>
		<key>B3B1D5A819EEC498001E8BBF</key>
		<dict>
			<key>buildConfigurations</key>
			<array>
				<string>B3B1D5CE19EEC499001E8BBF</string>
				<string>B3B1D5CF19EEC499001E8BBF</string>
			</array>
			<key>defaultConfigurationIsVisible</key>
			<string>0</string>
			<key>defaultConfigurationName</key>
			<string>Release</string>
			<key>isa</key>
			<string>XCConfigurationList</string>
		</dict>
		<key>B3B1D5A919EEC498001E8BBF</key>
		<dict>
			<key>buildActionMask</key>
			<string>2147483647</string>
			<key>files</key>
			<array>
				<string>73B33A7419F15DB700BFB546</string>
				<string>B38F09C219F13EEE0013B920</string>
				<string>B375C0C919F46B6B002D7AE7</string>
				<string>B38554E619F11B2E00AB8459</string>
				<string>B39BC80519F2847600277370</string>
				<string>B38F09BE19F13CB10013B920</string>
				<string>B39BC80219F2847600277370</string>
				<string>B3B1D5B619EEC499001E8BBF</string>
				<string>B39BC80319F2847600277370</string>
				<string>B3B1D5B319EEC499001E8BBF</string>
				<string>B39BC80419F2847600277370</string>
				<string>B375C0CD19F47069002D7AE7</string>
			</array>
			<key>isa</key>
			<string>PBXSourcesBuildPhase</string>
			<key>runOnlyForDeploymentPostprocessing</key>
			<string>0</string>
		</dict>
		<key>B3B1D5AA19EEC498001E8BBF</key>
		<dict>
			<key>buildActionMask</key>
			<string>2147483647</string>
			<key>files</key>
			<array>
				<string>D801CAA315D503C752005C10</string>
				<string>25D738D955411A703F52C406</string>
			</array>
			<key>isa</key>
			<string>PBXFrameworksBuildPhase</string>
			<key>runOnlyForDeploymentPostprocessing</key>
			<string>0</string>
		</dict>
		<key>B3B1D5AB19EEC498001E8BBF</key>
		<dict>
			<key>buildActionMask</key>
			<string>2147483647</string>
			<key>files</key>
			<array>
				<string>73B33A6C19F13D6000BFB546</string>
				<string>B3B1D5BC19EEC499001E8BBF</string>
				<string>B3B1D5C119EEC499001E8BBF</string>
				<string>73B33A6B19F13D6000BFB546</string>
				<string>73B33A7119F15CC600BFB546</string>
				<string>B3B1D5BE19EEC499001E8BBF</string>
			</array>
			<key>isa</key>
			<string>PBXResourcesBuildPhase</string>
			<key>runOnlyForDeploymentPostprocessing</key>
			<string>0</string>
		</dict>
		<key>B3B1D5AC19EEC498001E8BBF</key>
		<dict>
			<key>buildConfigurationList</key>
			<string>B3B1D5D019EEC499001E8BBF</string>
			<key>buildPhases</key>
			<array>
				<string>58216529F6A22814FC15622B</string>
				<string>B3B1D5A919EEC498001E8BBF</string>
				<string>B3B1D5AA19EEC498001E8BBF</string>
				<string>B3B1D5AB19EEC498001E8BBF</string>
				<string>42B20EF52E03ABE6D2BDA115</string>
			</array>
			<key>buildRules</key>
			<array/>
			<key>dependencies</key>
			<array/>
			<key>isa</key>
			<string>PBXNativeTarget</string>
			<key>name</key>
			<string>Pancakes</string>
			<key>productName</key>
			<string>Pancakes</string>
			<key>productReference</key>
			<string>B3B1D5AD19EEC499001E8BBF</string>
			<key>productType</key>
			<string>com.apple.product-type.application</string>
		</dict>
		<key>B3B1D5AD19EEC499001E8BBF</key>
		<dict>
			<key>explicitFileType</key>
			<string>wrapper.application</string>
			<key>includeInIndex</key>
			<string>0</string>
			<key>isa</key>
			<string>PBXFileReference</string>
			<key>path</key>
			<string>Pancakes.app</string>
			<key>sourceTree</key>
			<string>BUILT_PRODUCTS_DIR</string>
		</dict>
		<key>B3B1D5AE19EEC499001E8BBF</key>
		<dict>
			<key>children</key>
			<array>
				<string>B3B1D5AD19EEC499001E8BBF</string>
				<string>B3B1D5C619EEC499001E8BBF</string>
			</array>
			<key>isa</key>
			<string>PBXGroup</string>
			<key>name</key>
			<string>Products</string>
			<key>sourceTree</key>
			<string>&lt;group&gt;</string>
		</dict>
		<key>B3B1D5AF19EEC499001E8BBF</key>
		<dict>
			<key>children</key>
			<array>
				<string>B375C0CA19F4704D002D7AE7</string>
				<string>73B33A6D19F15AD600BFB546</string>
				<string>B38F09BF19F13EDF0013B920</string>
				<string>B38554E319F11B0800AB8459</string>
				<string>B3B1D5B419EEC499001E8BBF</string>
				<string>B3B1D5B519EEC499001E8BBF</string>
				<string>B3B1D5BA19EEC499001E8BBF</string>
				<string>B3B1D5BD19EEC499001E8BBF</string>
				<string>B3B1D5BF19EEC499001E8BBF</string>
				<string>B3B1D5B019EEC499001E8BBF</string>
			</array>
			<key>isa</key>
			<string>PBXGroup</string>
			<key>path</key>
			<string>Pancakes</string>
			<key>sourceTree</key>
			<string>&lt;group&gt;</string>
		</dict>
		<key>B3B1D5B019EEC499001E8BBF</key>
		<dict>
			<key>children</key>
			<array>
				<string>B3B1D5B119EEC499001E8BBF</string>
				<string>B3B1D5B219EEC499001E8BBF</string>
			</array>
			<key>isa</key>
			<string>PBXGroup</string>
			<key>name</key>
			<string>Supporting Files</string>
			<key>sourceTree</key>
			<string>&lt;group&gt;</string>
		</dict>
		<key>B3B1D5B119EEC499001E8BBF</key>
		<dict>
			<key>isa</key>
			<string>PBXFileReference</string>
			<key>lastKnownFileType</key>
			<string>text.plist.xml</string>
			<key>path</key>
			<string>Info.plist</string>
			<key>sourceTree</key>
			<string>&lt;group&gt;</string>
		</dict>
		<key>B3B1D5B219EEC499001E8BBF</key>
		<dict>
			<key>isa</key>
			<string>PBXFileReference</string>
			<key>lastKnownFileType</key>
			<string>sourcecode.c.objc</string>
			<key>path</key>
			<string>main.m</string>
			<key>sourceTree</key>
			<string>&lt;group&gt;</string>
		</dict>
		<key>B3B1D5B319EEC499001E8BBF</key>
		<dict>
			<key>fileRef</key>
			<string>B3B1D5B219EEC499001E8BBF</string>
			<key>isa</key>
			<string>PBXBuildFile</string>
		</dict>
		<key>B3B1D5B419EEC499001E8BBF</key>
		<dict>
			<key>isa</key>
			<string>PBXFileReference</string>
			<key>lastKnownFileType</key>
			<string>sourcecode.c.h</string>
			<key>path</key>
			<string>AppDelegate.h</string>
			<key>sourceTree</key>
			<string>&lt;group&gt;</string>
		</dict>
		<key>B3B1D5B519EEC499001E8BBF</key>
		<dict>
			<key>isa</key>
			<string>PBXFileReference</string>
			<key>lastKnownFileType</key>
			<string>sourcecode.c.objc</string>
			<key>path</key>
			<string>AppDelegate.m</string>
			<key>sourceTree</key>
			<string>&lt;group&gt;</string>
		</dict>
		<key>B3B1D5B619EEC499001E8BBF</key>
		<dict>
			<key>fileRef</key>
			<string>B3B1D5B519EEC499001E8BBF</string>
			<key>isa</key>
			<string>PBXBuildFile</string>
		</dict>
		<key>B3B1D5BA19EEC499001E8BBF</key>
		<dict>
			<key>children</key>
			<array>
				<string>B3B1D5BB19EEC499001E8BBF</string>
			</array>
			<key>isa</key>
			<string>PBXVariantGroup</string>
			<key>name</key>
			<string>Main.storyboard</string>
			<key>sourceTree</key>
			<string>&lt;group&gt;</string>
		</dict>
		<key>B3B1D5BB19EEC499001E8BBF</key>
		<dict>
			<key>isa</key>
			<string>PBXFileReference</string>
			<key>lastKnownFileType</key>
			<string>file.storyboard</string>
			<key>name</key>
			<string>Base</string>
			<key>path</key>
			<string>Base.lproj/Main.storyboard</string>
			<key>sourceTree</key>
			<string>&lt;group&gt;</string>
		</dict>
		<key>B3B1D5BC19EEC499001E8BBF</key>
		<dict>
			<key>fileRef</key>
			<string>B3B1D5BA19EEC499001E8BBF</string>
			<key>isa</key>
			<string>PBXBuildFile</string>
		</dict>
		<key>B3B1D5BD19EEC499001E8BBF</key>
		<dict>
			<key>isa</key>
			<string>PBXFileReference</string>
			<key>lastKnownFileType</key>
			<string>folder.assetcatalog</string>
			<key>path</key>
			<string>Images.xcassets</string>
			<key>sourceTree</key>
			<string>&lt;group&gt;</string>
		</dict>
		<key>B3B1D5BE19EEC499001E8BBF</key>
		<dict>
			<key>fileRef</key>
			<string>B3B1D5BD19EEC499001E8BBF</string>
			<key>isa</key>
			<string>PBXBuildFile</string>
		</dict>
		<key>B3B1D5BF19EEC499001E8BBF</key>
		<dict>
			<key>children</key>
			<array>
				<string>B3B1D5C019EEC499001E8BBF</string>
			</array>
			<key>isa</key>
			<string>PBXVariantGroup</string>
			<key>name</key>
			<string>LaunchScreen.xib</string>
			<key>sourceTree</key>
			<string>&lt;group&gt;</string>
		</dict>
		<key>B3B1D5C019EEC499001E8BBF</key>
		<dict>
			<key>isa</key>
			<string>PBXFileReference</string>
			<key>lastKnownFileType</key>
			<string>file.xib</string>
			<key>name</key>
			<string>Base</string>
			<key>path</key>
			<string>Base.lproj/LaunchScreen.xib</string>
			<key>sourceTree</key>
			<string>&lt;group&gt;</string>
		</dict>
		<key>B3B1D5C119EEC499001E8BBF</key>
		<dict>
			<key>fileRef</key>
			<string>B3B1D5BF19EEC499001E8BBF</string>
			<key>isa</key>
			<string>PBXBuildFile</string>
		</dict>
		<key>B3B1D5C219EEC499001E8BBF</key>
		<dict>
			<key>buildActionMask</key>
			<string>2147483647</string>
			<key>files</key>
			<array>
				<string>B3B1D5CD19EEC499001E8BBF</string>
			</array>
			<key>isa</key>
			<string>PBXSourcesBuildPhase</string>
			<key>runOnlyForDeploymentPostprocessing</key>
			<string>0</string>
		</dict>
		<key>B3B1D5C319EEC499001E8BBF</key>
		<dict>
			<key>buildActionMask</key>
			<string>2147483647</string>
			<key>files</key>
			<array/>
			<key>isa</key>
			<string>PBXFrameworksBuildPhase</string>
			<key>runOnlyForDeploymentPostprocessing</key>
			<string>0</string>
		</dict>
		<key>B3B1D5C419EEC499001E8BBF</key>
		<dict>
			<key>buildActionMask</key>
			<string>2147483647</string>
			<key>files</key>
			<array/>
			<key>isa</key>
			<string>PBXResourcesBuildPhase</string>
			<key>runOnlyForDeploymentPostprocessing</key>
			<string>0</string>
		</dict>
		<key>B3B1D5C519EEC499001E8BBF</key>
		<dict>
			<key>buildConfigurationList</key>
			<string>B3B1D5D319EEC499001E8BBF</string>
			<key>buildPhases</key>
			<array>
				<string>B3B1D5C219EEC499001E8BBF</string>
				<string>B3B1D5C319EEC499001E8BBF</string>
				<string>B3B1D5C419EEC499001E8BBF</string>
			</array>
			<key>buildRules</key>
			<array/>
			<key>dependencies</key>
			<array>
				<string>B3B1D5C819EEC499001E8BBF</string>
			</array>
			<key>isa</key>
			<string>PBXNativeTarget</string>
			<key>name</key>
			<string>PancakesTests</string>
			<key>productName</key>
			<string>PancakesTests</string>
			<key>productReference</key>
			<string>B3B1D5C619EEC499001E8BBF</string>
			<key>productType</key>
			<string>com.apple.product-type.bundle.unit-test</string>
		</dict>
		<key>B3B1D5C619EEC499001E8BBF</key>
		<dict>
			<key>explicitFileType</key>
			<string>wrapper.cfbundle</string>
			<key>includeInIndex</key>
			<string>0</string>
			<key>isa</key>
			<string>PBXFileReference</string>
			<key>path</key>
			<string>PancakesTests.xctest</string>
			<key>sourceTree</key>
			<string>BUILT_PRODUCTS_DIR</string>
		</dict>
		<key>B3B1D5C719EEC499001E8BBF</key>
		<dict>
			<key>containerPortal</key>
			<string>B3B1D5A519EEC498001E8BBF</string>
			<key>isa</key>
			<string>PBXContainerItemProxy</string>
			<key>proxyType</key>
			<string>1</string>
			<key>remoteGlobalIDString</key>
			<string>B3B1D5AC19EEC498001E8BBF</string>
			<key>remoteInfo</key>
			<string>Pancakes</string>
		</dict>
		<key>B3B1D5C819EEC499001E8BBF</key>
		<dict>
			<key>isa</key>
			<string>PBXTargetDependency</string>
			<key>target</key>
			<string>B3B1D5AC19EEC498001E8BBF</string>
			<key>targetProxy</key>
			<string>B3B1D5C719EEC499001E8BBF</string>
		</dict>
		<key>B3B1D5C919EEC499001E8BBF</key>
		<dict>
			<key>children</key>
			<array>
				<string>B3B1D5CC19EEC499001E8BBF</string>
				<string>B3B1D5CA19EEC499001E8BBF</string>
			</array>
			<key>isa</key>
			<string>PBXGroup</string>
			<key>path</key>
			<string>PancakesTests</string>
			<key>sourceTree</key>
			<string>&lt;group&gt;</string>
		</dict>
		<key>B3B1D5CA19EEC499001E8BBF</key>
		<dict>
			<key>children</key>
			<array>
				<string>B3B1D5CB19EEC499001E8BBF</string>
			</array>
			<key>isa</key>
			<string>PBXGroup</string>
			<key>name</key>
			<string>Supporting Files</string>
			<key>sourceTree</key>
			<string>&lt;group&gt;</string>
		</dict>
		<key>B3B1D5CB19EEC499001E8BBF</key>
		<dict>
			<key>isa</key>
			<string>PBXFileReference</string>
			<key>lastKnownFileType</key>
			<string>text.plist.xml</string>
			<key>path</key>
			<string>Info.plist</string>
			<key>sourceTree</key>
			<string>&lt;group&gt;</string>
		</dict>
		<key>B3B1D5CC19EEC499001E8BBF</key>
		<dict>
			<key>isa</key>
			<string>PBXFileReference</string>
			<key>lastKnownFileType</key>
			<string>sourcecode.c.objc</string>
			<key>path</key>
			<string>PancakesTests.m</string>
			<key>sourceTree</key>
			<string>&lt;group&gt;</string>
		</dict>
		<key>B3B1D5CD19EEC499001E8BBF</key>
		<dict>
			<key>fileRef</key>
			<string>B3B1D5CC19EEC499001E8BBF</string>
			<key>isa</key>
			<string>PBXBuildFile</string>
		</dict>
		<key>B3B1D5CE19EEC499001E8BBF</key>
		<dict>
			<key>buildSettings</key>
			<dict>
				<key>ALWAYS_SEARCH_USER_PATHS</key>
				<string>NO</string>
				<key>CLANG_CXX_LANGUAGE_STANDARD</key>
				<string>gnu++0x</string>
				<key>CLANG_CXX_LIBRARY</key>
				<string>libc++</string>
				<key>CLANG_ENABLE_MODULES</key>
				<string>YES</string>
				<key>CLANG_ENABLE_OBJC_ARC</key>
				<string>YES</string>
				<key>CLANG_WARN_BOOL_CONVERSION</key>
				<string>YES</string>
				<key>CLANG_WARN_CONSTANT_CONVERSION</key>
				<string>YES</string>
				<key>CLANG_WARN_DIRECT_OBJC_ISA_USAGE</key>
				<string>YES_ERROR</string>
				<key>CLANG_WARN_EMPTY_BODY</key>
				<string>YES</string>
				<key>CLANG_WARN_ENUM_CONVERSION</key>
				<string>YES</string>
				<key>CLANG_WARN_INT_CONVERSION</key>
				<string>YES</string>
				<key>CLANG_WARN_OBJC_ROOT_CLASS</key>
				<string>YES_ERROR</string>
				<key>CLANG_WARN_UNREACHABLE_CODE</key>
				<string>YES</string>
				<key>CLANG_WARN__DUPLICATE_METHOD_MATCH</key>
				<string>YES</string>
				<key>CODE_SIGN_IDENTITY[sdk=iphoneos*]</key>
				<string>iPhone Developer</string>
				<key>COPY_PHASE_STRIP</key>
				<string>NO</string>
				<key>ENABLE_STRICT_OBJC_MSGSEND</key>
				<string>YES</string>
				<key>GCC_C_LANGUAGE_STANDARD</key>
				<string>gnu99</string>
				<key>GCC_DYNAMIC_NO_PIC</key>
				<string>NO</string>
				<key>GCC_OPTIMIZATION_LEVEL</key>
				<string>0</string>
				<key>GCC_PREPROCESSOR_DEFINITIONS</key>
				<array>
					<string>DEBUG=1</string>
					<string>$(inherited)</string>
				</array>
				<key>GCC_SYMBOLS_PRIVATE_EXTERN</key>
				<string>NO</string>
				<key>GCC_WARN_64_TO_32_BIT_CONVERSION</key>
				<string>YES</string>
				<key>GCC_WARN_ABOUT_RETURN_TYPE</key>
				<string>YES_ERROR</string>
				<key>GCC_WARN_UNDECLARED_SELECTOR</key>
				<string>YES</string>
				<key>GCC_WARN_UNINITIALIZED_AUTOS</key>
				<string>YES_AGGRESSIVE</string>
				<key>GCC_WARN_UNUSED_FUNCTION</key>
				<string>YES</string>
				<key>GCC_WARN_UNUSED_VARIABLE</key>
				<string>YES</string>
				<key>IPHONEOS_DEPLOYMENT_TARGET</key>
				<string>8.0</string>
				<key>MTL_ENABLE_DEBUG_INFO</key>
				<string>YES</string>
				<key>ONLY_ACTIVE_ARCH</key>
				<string>YES</string>
				<key>SDKROOT</key>
				<string>iphoneos</string>
			</dict>
			<key>isa</key>
			<string>XCBuildConfiguration</string>
			<key>name</key>
			<string>Debug</string>
		</dict>
		<key>B3B1D5CF19EEC499001E8BBF</key>
		<dict>
			<key>buildSettings</key>
			<dict>
				<key>ALWAYS_SEARCH_USER_PATHS</key>
				<string>NO</string>
				<key>CLANG_CXX_LANGUAGE_STANDARD</key>
				<string>gnu++0x</string>
				<key>CLANG_CXX_LIBRARY</key>
				<string>libc++</string>
				<key>CLANG_ENABLE_MODULES</key>
				<string>YES</string>
				<key>CLANG_ENABLE_OBJC_ARC</key>
				<string>YES</string>
				<key>CLANG_WARN_BOOL_CONVERSION</key>
				<string>YES</string>
				<key>CLANG_WARN_CONSTANT_CONVERSION</key>
				<string>YES</string>
				<key>CLANG_WARN_DIRECT_OBJC_ISA_USAGE</key>
				<string>YES_ERROR</string>
				<key>CLANG_WARN_EMPTY_BODY</key>
				<string>YES</string>
				<key>CLANG_WARN_ENUM_CONVERSION</key>
				<string>YES</string>
				<key>CLANG_WARN_INT_CONVERSION</key>
				<string>YES</string>
				<key>CLANG_WARN_OBJC_ROOT_CLASS</key>
				<string>YES_ERROR</string>
				<key>CLANG_WARN_UNREACHABLE_CODE</key>
				<string>YES</string>
				<key>CLANG_WARN__DUPLICATE_METHOD_MATCH</key>
				<string>YES</string>
				<key>CODE_SIGN_IDENTITY[sdk=iphoneos*]</key>
				<string>iPhone Developer</string>
				<key>COPY_PHASE_STRIP</key>
				<string>YES</string>
				<key>ENABLE_NS_ASSERTIONS</key>
				<string>NO</string>
				<key>ENABLE_STRICT_OBJC_MSGSEND</key>
				<string>YES</string>
				<key>GCC_C_LANGUAGE_STANDARD</key>
				<string>gnu99</string>
				<key>GCC_WARN_64_TO_32_BIT_CONVERSION</key>
				<string>YES</string>
				<key>GCC_WARN_ABOUT_RETURN_TYPE</key>
				<string>YES_ERROR</string>
				<key>GCC_WARN_UNDECLARED_SELECTOR</key>
				<string>YES</string>
				<key>GCC_WARN_UNINITIALIZED_AUTOS</key>
				<string>YES_AGGRESSIVE</string>
				<key>GCC_WARN_UNUSED_FUNCTION</key>
				<string>YES</string>
				<key>GCC_WARN_UNUSED_VARIABLE</key>
				<string>YES</string>
				<key>IPHONEOS_DEPLOYMENT_TARGET</key>
				<string>8.0</string>
				<key>MTL_ENABLE_DEBUG_INFO</key>
				<string>NO</string>
				<key>SDKROOT</key>
				<string>iphoneos</string>
				<key>VALIDATE_PRODUCT</key>
				<string>YES</string>
			</dict>
			<key>isa</key>
			<string>XCBuildConfiguration</string>
			<key>name</key>
			<string>Release</string>
		</dict>
		<key>B3B1D5D019EEC499001E8BBF</key>
		<dict>
			<key>buildConfigurations</key>
			<array>
				<string>B3B1D5D119EEC499001E8BBF</string>
				<string>B3B1D5D219EEC499001E8BBF</string>
			</array>
			<key>defaultConfigurationIsVisible</key>
			<string>0</string>
			<key>defaultConfigurationName</key>
			<string>Release</string>
			<key>isa</key>
			<string>XCConfigurationList</string>
		</dict>
		<key>B3B1D5D119EEC499001E8BBF</key>
		<dict>
			<key>baseConfigurationReference</key>
			<string>350E046FF2281BACA6E6CE33</string>
			<key>buildSettings</key>
			<dict>
				<key>ASSETCATALOG_COMPILER_APPICON_NAME</key>
				<string>AppIcon</string>
				<key>INFOPLIST_FILE</key>
				<string>Pancakes/Info.plist</string>
				<key>IPHONEOS_DEPLOYMENT_TARGET</key>
				<string>8.0</string>
				<key>LD_RUNPATH_SEARCH_PATHS</key>
				<string>$(inherited) @executable_path/Frameworks</string>
				<key>PRODUCT_NAME</key>
				<string>$(TARGET_NAME)</string>
			</dict>
			<key>isa</key>
			<string>XCBuildConfiguration</string>
			<key>name</key>
			<string>Debug</string>
		</dict>
		<key>B3B1D5D219EEC499001E8BBF</key>
		<dict>
			<key>baseConfigurationReference</key>
			<string>B5AD2A8D2E1335559E7681B7</string>
			<key>buildSettings</key>
			<dict>
				<key>ASSETCATALOG_COMPILER_APPICON_NAME</key>
				<string>AppIcon</string>
				<key>INFOPLIST_FILE</key>
				<string>Pancakes/Info.plist</string>
				<key>IPHONEOS_DEPLOYMENT_TARGET</key>
				<string>8.0</string>
				<key>LD_RUNPATH_SEARCH_PATHS</key>
				<string>$(inherited) @executable_path/Frameworks</string>
				<key>PRODUCT_NAME</key>
				<string>$(TARGET_NAME)</string>
			</dict>
			<key>isa</key>
			<string>XCBuildConfiguration</string>
			<key>name</key>
			<string>Release</string>
		</dict>
		<key>B3B1D5D319EEC499001E8BBF</key>
		<dict>
			<key>buildConfigurations</key>
			<array>
				<string>B3B1D5D419EEC499001E8BBF</string>
				<string>B3B1D5D519EEC499001E8BBF</string>
			</array>
			<key>defaultConfigurationIsVisible</key>
			<string>0</string>
			<key>defaultConfigurationName</key>
			<string>Release</string>
			<key>isa</key>
			<string>XCConfigurationList</string>
		</dict>
		<key>B3B1D5D419EEC499001E8BBF</key>
		<dict>
			<key>buildSettings</key>
			<dict>
				<key>BUNDLE_LOADER</key>
				<string>$(TEST_HOST)</string>
				<key>FRAMEWORK_SEARCH_PATHS</key>
				<array>
					<string>$(SDKROOT)/Developer/Library/Frameworks</string>
					<string>$(inherited)</string>
				</array>
				<key>GCC_PREPROCESSOR_DEFINITIONS</key>
				<array>
					<string>DEBUG=1</string>
					<string>$(inherited)</string>
				</array>
				<key>INFOPLIST_FILE</key>
				<string>PancakesTests/Info.plist</string>
				<key>LD_RUNPATH_SEARCH_PATHS</key>
				<string>$(inherited) @executable_path/Frameworks @loader_path/Frameworks</string>
				<key>PRODUCT_NAME</key>
				<string>$(TARGET_NAME)</string>
				<key>TEST_HOST</key>
				<string>$(BUILT_PRODUCTS_DIR)/Pancakes.app/Pancakes</string>
			</dict>
			<key>isa</key>
			<string>XCBuildConfiguration</string>
			<key>name</key>
			<string>Debug</string>
		</dict>
		<key>B3B1D5D519EEC499001E8BBF</key>
		<dict>
			<key>buildSettings</key>
			<dict>
				<key>BUNDLE_LOADER</key>
				<string>$(TEST_HOST)</string>
				<key>FRAMEWORK_SEARCH_PATHS</key>
				<array>
					<string>$(SDKROOT)/Developer/Library/Frameworks</string>
					<string>$(inherited)</string>
				</array>
				<key>INFOPLIST_FILE</key>
				<string>PancakesTests/Info.plist</string>
				<key>LD_RUNPATH_SEARCH_PATHS</key>
				<string>$(inherited) @executable_path/Frameworks @loader_path/Frameworks</string>
				<key>PRODUCT_NAME</key>
				<string>$(TARGET_NAME)</string>
				<key>TEST_HOST</key>
				<string>$(BUILT_PRODUCTS_DIR)/Pancakes.app/Pancakes</string>
			</dict>
			<key>isa</key>
			<string>XCBuildConfiguration</string>
			<key>name</key>
			<string>Release</string>
		</dict>
		<key>B5AD2A8D2E1335559E7681B7</key>
		<dict>
			<key>includeInIndex</key>
			<string>1</string>
			<key>isa</key>
			<string>PBXFileReference</string>
			<key>lastKnownFileType</key>
			<string>text.xcconfig</string>
			<key>name</key>
			<string>Pods-Pancakes.release.xcconfig</string>
			<key>path</key>
			<string>Pods/Target Support Files/Pods-Pancakes/Pods-Pancakes.release.xcconfig</string>
			<key>sourceTree</key>
			<string>&lt;group&gt;</string>
		</dict>
		<key>D801CAA315D503C752005C10</key>
		<dict>
			<key>fileRef</key>
			<string>9407447283D9666076675468</string>
			<key>isa</key>
			<string>PBXBuildFile</string>
		</dict>
		<key>EF8C83CFC8F3D0303706B267</key>
		<dict>
			<key>children</key>
			<array>
				<string>350E046FF2281BACA6E6CE33</string>
				<string>B5AD2A8D2E1335559E7681B7</string>
			</array>
			<key>isa</key>
			<string>PBXGroup</string>
			<key>name</key>
			<string>Pods</string>
			<key>sourceTree</key>
			<string>&lt;group&gt;</string>
		</dict>
	</dict>
	<key>rootObject</key>
	<string>B3B1D5A519EEC498001E8BBF</string>
</dict>
</plist>
